
Microsoft Visual Studio Solution File, Format Version 12.00
# Visual Studio 15
VisualStudioVersion = 15.0.28307.168
MinimumVisualStudioVersion = 10.0.40219.1
Project("{9A19103F-16F7-4668-BE54-9A1E7A4F7556}") = "Twino.Server", "Twino.Server\Twino.Server.csproj", "{579541AA-C67A-42F9-B568-AC1AC542CCDC}"
EndProject
Project("{2150E333-8FDC-42A3-9474-1A3956D46DE8}") = "Samples", "Samples", "{2BAA30B9-6118-4C33-BD6B-AC6A5827EC7E}"
EndProject
Project("{9A19103F-16F7-4668-BE54-9A1E7A4F7556}") = "Sample.Http.Server", "Sample.Http.Server\Sample.Http.Server.csproj", "{7ECA624F-DED7-4370-8D11-8ACCA7D7E428}"
EndProject
Project("{9A19103F-16F7-4668-BE54-9A1E7A4F7556}") = "Sample.WebSocket.Server", "Sample.WebSocket.Server\Sample.WebSocket.Server.csproj", "{D5D0E514-FE68-4D04-970E-50F47C85EA96}"
EndProject
Project("{9A19103F-16F7-4668-BE54-9A1E7A4F7556}") = "Sample.WebSocket.Client", "Sample.WebSocket.Client\Sample.WebSocket.Client.csproj", "{586CC33D-0D72-4B7A-9DDC-36EF6CAA7B2F}"
EndProject
Project("{9A19103F-16F7-4668-BE54-9A1E7A4F7556}") = "Sample.Full.Server", "Sample.Full.Server\Sample.Full.Server.csproj", "{A26CE09D-6D65-4803-A287-1BB54D24F182}"
EndProject
Project("{9A19103F-16F7-4668-BE54-9A1E7A4F7556}") = "Twino.Mvc", "Twino.Mvc\Twino.Mvc.csproj", "{21776C5B-D0DB-4563-98E6-E00054B9D93A}"
EndProject
Project("{9A19103F-16F7-4668-BE54-9A1E7A4F7556}") = "Sample.Mvc", "Sample.Mvc\Sample.Mvc.csproj", "{187F9CF0-6CD3-4B55-92B3-E56B87BA981F}"
EndProject
Project("{9A19103F-16F7-4668-BE54-9A1E7A4F7556}") = "Twino.Mvc.Auth.Jwt", "Twino.Mvc.Auth.Jwt\Twino.Mvc.Auth.Jwt.csproj", "{9C623698-A2C8-4C8E-B5A4-0CDE712EF243}"
EndProject
Project("{9A19103F-16F7-4668-BE54-9A1E7A4F7556}") = "Twino.SocketModels", "Twino.SocketModels\Twino.SocketModels.csproj", "{9F20F90E-B004-47CD-8B0D-ACF78FC29641}"
EndProject
Project("{9A19103F-16F7-4668-BE54-9A1E7A4F7556}") = "Sample.Connectors", "Sample.Connectors\Sample.Connectors.csproj", "{8B6743FA-9CC7-4519-A615-6CCB6D333EA7}"
EndProject
Project("{2150E333-8FDC-42A3-9474-1A3956D46DE8}") = "Tests", "Tests", "{41761E68-E2ED-4BFE-BBE1-D294A3967EB4}"
EndProject
Project("{9A19103F-16F7-4668-BE54-9A1E7A4F7556}") = "Test.Server", "Test.Server\Test.Server.csproj", "{E6D4B881-2E33-47E6-8818-3E1C465708DA}"
EndProject
Project("{9A19103F-16F7-4668-BE54-9A1E7A4F7556}") = "Test.Mvc", "Test.Mvc\Test.Mvc.csproj", "{AFF29C9D-65CE-43F4-82D3-BDE43EF61008}"
EndProject
Project("{9A19103F-16F7-4668-BE54-9A1E7A4F7556}") = "Test.Connector", "Test.Connector\Test.Connector.csproj", "{F5C86602-2237-449D-BF60-9A041399367C}"
EndProject
Project("{9A19103F-16F7-4668-BE54-9A1E7A4F7556}") = "Sample.SocketModels", "Sample.SocketModels\Sample.SocketModels.csproj", "{C0012649-C5E2-4931-9813-609DF7A368AA}"
EndProject
Project("{FAE04EC0-301F-11D3-BF4B-00C04F79EFBC}") = "Twino.Client", "Twino.Client\Twino.Client.csproj", "{A6855FB0-BA5B-4927-B0B2-7BEB037248E3}"
EndProject
Project("{FAE04EC0-301F-11D3-BF4B-00C04F79EFBC}") = "Twino.Core", "Twino.Core\Twino.Core.csproj", "{CE47EA0B-6324-4703-A4BB-2C7BEDF89411}"
EndProject
Project("{FAE04EC0-301F-11D3-BF4B-00C04F79EFBC}") = "Sample.RequestManagement", "Sample.RequestManagement\Sample.RequestManagement.csproj", "{24357936-F8AE-4608-B65F-83B4377F09EA}"
EndProject
Project("{FAE04EC0-301F-11D3-BF4B-00C04F79EFBC}") = "Test.SocketModels", "Test.SocketModels\Test.SocketModels.csproj", "{024EA8ED-9941-427C-8EB2-7C177616BAA9}"
EndProject
Project("{FAE04EC0-301F-11D3-BF4B-00C04F79EFBC}") = "Playground", "Playground\Playground.csproj", "{F5026818-4B85-422F-8AFB-70B61A7185D9}"
EndProject
Global
	GlobalSection(SolutionConfigurationPlatforms) = preSolution
		Debug|Any CPU = Debug|Any CPU
		Release|Any CPU = Release|Any CPU
	EndGlobalSection
	GlobalSection(ProjectConfigurationPlatforms) = postSolution
		{579541AA-C67A-42F9-B568-AC1AC542CCDC}.Debug|Any CPU.ActiveCfg = Debug|Any CPU
		{579541AA-C67A-42F9-B568-AC1AC542CCDC}.Debug|Any CPU.Build.0 = Debug|Any CPU
		{579541AA-C67A-42F9-B568-AC1AC542CCDC}.Release|Any CPU.ActiveCfg = Release|Any CPU
		{579541AA-C67A-42F9-B568-AC1AC542CCDC}.Release|Any CPU.Build.0 = Release|Any CPU
		{7ECA624F-DED7-4370-8D11-8ACCA7D7E428}.Debug|Any CPU.ActiveCfg = Debug|Any CPU
		{7ECA624F-DED7-4370-8D11-8ACCA7D7E428}.Debug|Any CPU.Build.0 = Debug|Any CPU
		{7ECA624F-DED7-4370-8D11-8ACCA7D7E428}.Release|Any CPU.ActiveCfg = Release|Any CPU
		{7ECA624F-DED7-4370-8D11-8ACCA7D7E428}.Release|Any CPU.Build.0 = Release|Any CPU
		{D5D0E514-FE68-4D04-970E-50F47C85EA96}.Debug|Any CPU.ActiveCfg = Debug|Any CPU
		{D5D0E514-FE68-4D04-970E-50F47C85EA96}.Debug|Any CPU.Build.0 = Debug|Any CPU
		{D5D0E514-FE68-4D04-970E-50F47C85EA96}.Release|Any CPU.ActiveCfg = Release|Any CPU
		{D5D0E514-FE68-4D04-970E-50F47C85EA96}.Release|Any CPU.Build.0 = Release|Any CPU
		{586CC33D-0D72-4B7A-9DDC-36EF6CAA7B2F}.Debug|Any CPU.ActiveCfg = Debug|Any CPU
		{586CC33D-0D72-4B7A-9DDC-36EF6CAA7B2F}.Debug|Any CPU.Build.0 = Debug|Any CPU
		{586CC33D-0D72-4B7A-9DDC-36EF6CAA7B2F}.Release|Any CPU.ActiveCfg = Release|Any CPU
		{586CC33D-0D72-4B7A-9DDC-36EF6CAA7B2F}.Release|Any CPU.Build.0 = Release|Any CPU
		{A26CE09D-6D65-4803-A287-1BB54D24F182}.Debug|Any CPU.ActiveCfg = Debug|Any CPU
		{A26CE09D-6D65-4803-A287-1BB54D24F182}.Debug|Any CPU.Build.0 = Debug|Any CPU
		{A26CE09D-6D65-4803-A287-1BB54D24F182}.Release|Any CPU.ActiveCfg = Release|Any CPU
		{A26CE09D-6D65-4803-A287-1BB54D24F182}.Release|Any CPU.Build.0 = Release|Any CPU
		{21776C5B-D0DB-4563-98E6-E00054B9D93A}.Debug|Any CPU.ActiveCfg = Debug|Any CPU
		{21776C5B-D0DB-4563-98E6-E00054B9D93A}.Debug|Any CPU.Build.0 = Debug|Any CPU
		{21776C5B-D0DB-4563-98E6-E00054B9D93A}.Release|Any CPU.ActiveCfg = Release|Any CPU
		{21776C5B-D0DB-4563-98E6-E00054B9D93A}.Release|Any CPU.Build.0 = Release|Any CPU
		{187F9CF0-6CD3-4B55-92B3-E56B87BA981F}.Debug|Any CPU.ActiveCfg = Debug|Any CPU
		{187F9CF0-6CD3-4B55-92B3-E56B87BA981F}.Debug|Any CPU.Build.0 = Debug|Any CPU
		{187F9CF0-6CD3-4B55-92B3-E56B87BA981F}.Release|Any CPU.ActiveCfg = Release|Any CPU
		{187F9CF0-6CD3-4B55-92B3-E56B87BA981F}.Release|Any CPU.Build.0 = Release|Any CPU
		{9C623698-A2C8-4C8E-B5A4-0CDE712EF243}.Debug|Any CPU.ActiveCfg = Debug|Any CPU
		{9C623698-A2C8-4C8E-B5A4-0CDE712EF243}.Debug|Any CPU.Build.0 = Debug|Any CPU
		{9C623698-A2C8-4C8E-B5A4-0CDE712EF243}.Release|Any CPU.ActiveCfg = Release|Any CPU
		{9C623698-A2C8-4C8E-B5A4-0CDE712EF243}.Release|Any CPU.Build.0 = Release|Any CPU
		{9F20F90E-B004-47CD-8B0D-ACF78FC29641}.Debug|Any CPU.ActiveCfg = Debug|Any CPU
		{9F20F90E-B004-47CD-8B0D-ACF78FC29641}.Debug|Any CPU.Build.0 = Debug|Any CPU
		{9F20F90E-B004-47CD-8B0D-ACF78FC29641}.Release|Any CPU.ActiveCfg = Release|Any CPU
		{9F20F90E-B004-47CD-8B0D-ACF78FC29641}.Release|Any CPU.Build.0 = Release|Any CPU
		{8B6743FA-9CC7-4519-A615-6CCB6D333EA7}.Debug|Any CPU.ActiveCfg = Debug|Any CPU
		{8B6743FA-9CC7-4519-A615-6CCB6D333EA7}.Debug|Any CPU.Build.0 = Debug|Any CPU
		{8B6743FA-9CC7-4519-A615-6CCB6D333EA7}.Release|Any CPU.ActiveCfg = Release|Any CPU
		{8B6743FA-9CC7-4519-A615-6CCB6D333EA7}.Release|Any CPU.Build.0 = Release|Any CPU
		{E6D4B881-2E33-47E6-8818-3E1C465708DA}.Debug|Any CPU.ActiveCfg = Debug|Any CPU
		{E6D4B881-2E33-47E6-8818-3E1C465708DA}.Debug|Any CPU.Build.0 = Debug|Any CPU
		{E6D4B881-2E33-47E6-8818-3E1C465708DA}.Release|Any CPU.ActiveCfg = Release|Any CPU
		{E6D4B881-2E33-47E6-8818-3E1C465708DA}.Release|Any CPU.Build.0 = Release|Any CPU
		{AFF29C9D-65CE-43F4-82D3-BDE43EF61008}.Debug|Any CPU.ActiveCfg = Debug|Any CPU
		{AFF29C9D-65CE-43F4-82D3-BDE43EF61008}.Debug|Any CPU.Build.0 = Debug|Any CPU
		{AFF29C9D-65CE-43F4-82D3-BDE43EF61008}.Release|Any CPU.ActiveCfg = Release|Any CPU
		{AFF29C9D-65CE-43F4-82D3-BDE43EF61008}.Release|Any CPU.Build.0 = Release|Any CPU
		{F5C86602-2237-449D-BF60-9A041399367C}.Debug|Any CPU.ActiveCfg = Debug|Any CPU
		{F5C86602-2237-449D-BF60-9A041399367C}.Debug|Any CPU.Build.0 = Debug|Any CPU
		{F5C86602-2237-449D-BF60-9A041399367C}.Release|Any CPU.ActiveCfg = Release|Any CPU
		{F5C86602-2237-449D-BF60-9A041399367C}.Release|Any CPU.Build.0 = Release|Any CPU
		{C0012649-C5E2-4931-9813-609DF7A368AA}.Debug|Any CPU.ActiveCfg = Debug|Any CPU
		{C0012649-C5E2-4931-9813-609DF7A368AA}.Debug|Any CPU.Build.0 = Debug|Any CPU
		{C0012649-C5E2-4931-9813-609DF7A368AA}.Release|Any CPU.ActiveCfg = Release|Any CPU
		{C0012649-C5E2-4931-9813-609DF7A368AA}.Release|Any CPU.Build.0 = Release|Any CPU
		{A6855FB0-BA5B-4927-B0B2-7BEB037248E3}.Debug|Any CPU.ActiveCfg = Debug|Any CPU
		{A6855FB0-BA5B-4927-B0B2-7BEB037248E3}.Debug|Any CPU.Build.0 = Debug|Any CPU
		{A6855FB0-BA5B-4927-B0B2-7BEB037248E3}.Release|Any CPU.ActiveCfg = Release|Any CPU
		{A6855FB0-BA5B-4927-B0B2-7BEB037248E3}.Release|Any CPU.Build.0 = Release|Any CPU
		{CE47EA0B-6324-4703-A4BB-2C7BEDF89411}.Debug|Any CPU.ActiveCfg = Debug|Any CPU
		{CE47EA0B-6324-4703-A4BB-2C7BEDF89411}.Debug|Any CPU.Build.0 = Debug|Any CPU
		{CE47EA0B-6324-4703-A4BB-2C7BEDF89411}.Release|Any CPU.ActiveCfg = Release|Any CPU
		{CE47EA0B-6324-4703-A4BB-2C7BEDF89411}.Release|Any CPU.Build.0 = Release|Any CPU
		{24357936-F8AE-4608-B65F-83B4377F09EA}.Debug|Any CPU.ActiveCfg = Debug|Any CPU
		{24357936-F8AE-4608-B65F-83B4377F09EA}.Debug|Any CPU.Build.0 = Debug|Any CPU
		{24357936-F8AE-4608-B65F-83B4377F09EA}.Release|Any CPU.ActiveCfg = Release|Any CPU
		{24357936-F8AE-4608-B65F-83B4377F09EA}.Release|Any CPU.Build.0 = Release|Any CPU
		{024EA8ED-9941-427C-8EB2-7C177616BAA9}.Debug|Any CPU.ActiveCfg = Debug|Any CPU
		{024EA8ED-9941-427C-8EB2-7C177616BAA9}.Debug|Any CPU.Build.0 = Debug|Any CPU
		{024EA8ED-9941-427C-8EB2-7C177616BAA9}.Release|Any CPU.ActiveCfg = Release|Any CPU
		{024EA8ED-9941-427C-8EB2-7C177616BAA9}.Release|Any CPU.Build.0 = Release|Any CPU
		{F5026818-4B85-422F-8AFB-70B61A7185D9}.Debug|Any CPU.ActiveCfg = Debug|Any CPU
		{F5026818-4B85-422F-8AFB-70B61A7185D9}.Debug|Any CPU.Build.0 = Debug|Any CPU
		{F5026818-4B85-422F-8AFB-70B61A7185D9}.Release|Any CPU.ActiveCfg = Release|Any CPU
		{F5026818-4B85-422F-8AFB-70B61A7185D9}.Release|Any CPU.Build.0 = Release|Any CPU
	EndGlobalSection
	GlobalSection(SolutionProperties) = preSolution
		HideSolutionNode = FALSE
	EndGlobalSection
	GlobalSection(NestedProjects) = preSolution
		{7ECA624F-DED7-4370-8D11-8ACCA7D7E428} = {2BAA30B9-6118-4C33-BD6B-AC6A5827EC7E}
		{D5D0E514-FE68-4D04-970E-50F47C85EA96} = {2BAA30B9-6118-4C33-BD6B-AC6A5827EC7E}
		{586CC33D-0D72-4B7A-9DDC-36EF6CAA7B2F} = {2BAA30B9-6118-4C33-BD6B-AC6A5827EC7E}
		{A26CE09D-6D65-4803-A287-1BB54D24F182} = {2BAA30B9-6118-4C33-BD6B-AC6A5827EC7E}
		{187F9CF0-6CD3-4B55-92B3-E56B87BA981F} = {2BAA30B9-6118-4C33-BD6B-AC6A5827EC7E}
		{8B6743FA-9CC7-4519-A615-6CCB6D333EA7} = {2BAA30B9-6118-4C33-BD6B-AC6A5827EC7E}
		{E6D4B881-2E33-47E6-8818-3E1C465708DA} = {41761E68-E2ED-4BFE-BBE1-D294A3967EB4}
		{AFF29C9D-65CE-43F4-82D3-BDE43EF61008} = {41761E68-E2ED-4BFE-BBE1-D294A3967EB4}
		{F5C86602-2237-449D-BF60-9A041399367C} = {41761E68-E2ED-4BFE-BBE1-D294A3967EB4}
		{C0012649-C5E2-4931-9813-609DF7A368AA} = {2BAA30B9-6118-4C33-BD6B-AC6A5827EC7E}
		{24357936-F8AE-4608-B65F-83B4377F09EA} = {2BAA30B9-6118-4C33-BD6B-AC6A5827EC7E}
		{024EA8ED-9941-427C-8EB2-7C177616BAA9} = {41761E68-E2ED-4BFE-BBE1-D294A3967EB4}
		{F5026818-4B85-422F-8AFB-70B61A7185D9} = {2BAA30B9-6118-4C33-BD6B-AC6A5827EC7E}
	EndGlobalSection
	GlobalSection(ExtensibilityGlobals) = postSolution
		SolutionGuid = {A73712E1-2BB7-4F7D-852F-ED8FE4ABA180}
	EndGlobalSection
EndGlobal
