
Microsoft Visual Studio Solution File, Format Version 12.00
# Visual Studio Version 16
VisualStudioVersion = 16.0.29424.173
MinimumVisualStudioVersion = 10.0.40219.1
Project("{2150E333-8FDC-42A3-9474-1A3956D46DE8}") = "Samples", "Samples", "{2BAA30B9-6118-4C33-BD6B-AC6A5827EC7E}"
EndProject
Project("{2150E333-8FDC-42A3-9474-1A3956D46DE8}") = "Tests", "Tests", "{41761E68-E2ED-4BFE-BBE1-D294A3967EB4}"
EndProject
Project("{9A19103F-16F7-4668-BE54-9A1E7A4F7556}") = "Playground", "Samples\Playground\Playground.csproj", "{3A3A6CBA-E31C-4E63-A06A-E0FF5DFE1619}"
EndProject
Project("{FAE04EC0-301F-11D3-BF4B-00C04F79EFBC}") = "Horse.Messaging.Server", "Horse.Messaging.Server\Horse.Messaging.Server.csproj", "{CFB19F80-FBC0-4999-BD95-44CF0B916B86}"
EndProject
Project("{FAE04EC0-301F-11D3-BF4B-00C04F79EFBC}") = "Horse.Messaging.Protocol", "Horse.Messaging.Protocol\Horse.Messaging.Protocol.csproj", "{D0F826C2-8B03-48D1-88C1-8BFF917C8EBC}"
EndProject
Project("{FAE04EC0-301F-11D3-BF4B-00C04F79EFBC}") = "Horse.Messaging.Client", "Horse.Messaging.Client\Horse.Messaging.Client.csproj", "{A75CABEB-197E-457A-AAC9-4C59D49DDF68}"
EndProject
Project("{FAE04EC0-301F-11D3-BF4B-00C04F79EFBC}") = "Horse.Messaging.Data", "Horse.Messaging.Data\Horse.Messaging.Data.csproj", "{45017EA4-63E1-49BF-8B53-25A45ADF8FCD}"
EndProject
Project("{FAE04EC0-301F-11D3-BF4B-00C04F79EFBC}") = "Test.Common", "Tests\Test.Common\Test.Common.csproj", "{66F442DC-EC31-4BD9-B124-64D343B45A6A}"
EndProject
Project("{FAE04EC0-301F-11D3-BF4B-00C04F79EFBC}") = "Test.Queues", "Tests\Test.Queues\Test.Queues.csproj", "{E7ADC6AE-2393-4422-87E7-1CD9A9B4B124}"
EndProject
Project("{FAE04EC0-301F-11D3-BF4B-00C04F79EFBC}") = "Test.Persistency", "Tests\Test.Persistency\Test.Persistency.csproj", "{F7C4DC6A-01D7-4D1A-893D-58DB39027759}"
EndProject
Project("{FAE04EC0-301F-11D3-BF4B-00C04F79EFBC}") = "Test.Events", "Tests\Test.Events\Test.Events.csproj", "{410C6A1F-34B3-40B8-8807-17B57409E611}"
EndProject
Project("{FAE04EC0-301F-11D3-BF4B-00C04F79EFBC}") = "Test.Nodes", "Tests\Test.Nodes\Test.Nodes.csproj", "{42128A82-DC39-4401-9D90-968FE2510E67}"
EndProject
Project("{FAE04EC0-301F-11D3-BF4B-00C04F79EFBC}") = "Test.Direct", "Tests\Test.Direct\Test.Direct.csproj", "{0D589E82-42FA-4970-A1FA-C5D2C921CD35}"
EndProject
Project("{FAE04EC0-301F-11D3-BF4B-00C04F79EFBC}") = "Test.Routers", "Tests\Test.Routers\Test.Routers.csproj", "{EABE1565-9513-4704-872E-F801AF29C456}"
EndProject
Project("{FAE04EC0-301F-11D3-BF4B-00C04F79EFBC}") = "Sample.Server", "Samples\Sample.Server\Sample.Server.csproj", "{407CA4E7-57AF-4AF7-92CA-44DFA26CCC6C}"
EndProject
Project("{FAE04EC0-301F-11D3-BF4B-00C04F79EFBC}") = "Sample.Producer", "Samples\Sample.Producer\Sample.Producer.csproj", "{A0D7D361-89FA-48F5-8B66-B2AB5126B210}"
EndProject
Project("{FAE04EC0-301F-11D3-BF4B-00C04F79EFBC}") = "Sample.Consumer", "Samples\Sample.Consumer\Sample.Consumer.csproj", "{2AF41E76-D345-46F9-A783-FF0AEDD2526F}"
EndProject
Project("{FAE04EC0-301F-11D3-BF4B-00C04F79EFBC}") = "Sample.Cache", "Samples\Sample.Cache\Sample.Cache.csproj", "{78630FD3-DA2F-45B6-91B3-18D08707D6C8}"
EndProject
Project("{FAE04EC0-301F-11D3-BF4B-00C04F79EFBC}") = "Sample.Cluster", "Samples\Sample.Cluster\Sample.Cluster.csproj", "{60E80FB8-47E0-4836-A439-17DE6A39C4F4}"
EndProject
Project("{2150E333-8FDC-42A3-9474-1A3956D46DE8}") = "Benchmarks", "Benchmarks", "{95F840D9-C0FD-4679-A308-0E77316750FD}"
EndProject
Project("{FAE04EC0-301F-11D3-BF4B-00C04F79EFBC}") = "Benchmark.Server", "Benchmarks\Benchmark.Server\Benchmark.Server.csproj", "{5ECCB141-4C45-4307-9551-C920414B7B86}"
EndProject
Project("{FAE04EC0-301F-11D3-BF4B-00C04F79EFBC}") = "Benchmark.Channel.Publisher", "Benchmarks\Benchmark.Channel.Publisher\Benchmark.Channel.Publisher.csproj", "{9F8F2687-5087-4941-A3DC-E68686CB425D}"
EndProject
Project("{FAE04EC0-301F-11D3-BF4B-00C04F79EFBC}") = "Benchmark.Channel.Subscriber", "Benchmarks\Benchmark.Channel.Subscriber\Benchmark.Channel.Subscriber.csproj", "{BF89E491-7C21-4115-99D6-33E2C18E997A}"
EndProject
Project("{FAE04EC0-301F-11D3-BF4B-00C04F79EFBC}") = "Benchmark.Cache", "Benchmarks\Benchmark.Cache\Benchmark.Cache.csproj", "{3F9EBD9F-0D13-43A1-904D-203AEB453C77}"
EndProject
Project("{FAE04EC0-301F-11D3-BF4B-00C04F79EFBC}") = "Benchmark.Queue.Producer", "Benchmarks\Benchmark.Queue.Producer\Benchmark.Queue.Producer.csproj", "{8F2FFF04-9548-4901-A741-63D2C2350686}"
EndProject
Project("{FAE04EC0-301F-11D3-BF4B-00C04F79EFBC}") = "Benchmark.Queue.Consumer", "Benchmarks\Benchmark.Queue.Consumer\Benchmark.Queue.Consumer.csproj", "{7ABFB86B-EBEF-4513-A66E-3E594191E13B}"
EndProject
Project("{FAE04EC0-301F-11D3-BF4B-00C04F79EFBC}") = "Benchmark.Helper", "Benchmarks\Benchmark.Helper\Benchmark.Helper.csproj", "{1FA1F66F-56F0-4CE4-8103-0B1B4B65C366}"
EndProject
Project("{FAE04EC0-301F-11D3-BF4B-00C04F79EFBC}") = "Test.Client", "Tests\Test.Client\Test.Client.csproj", "{05257B96-8D69-4ECB-BEA1-D5CC56ABDB88}"
EndProject
Project("{FAE04EC0-301F-11D3-BF4B-00C04F79EFBC}") = "Test.Cache", "Tests\Test.Cache\Test.Cache.csproj", "{BC085985-6405-40B3-A05D-E9F6267000CE}"
EndProject
Project("{FAE04EC0-301F-11D3-BF4B-00C04F79EFBC}") = "Test.Channels", "Tests\Test.Channels\Test.Channels.csproj", "{DC93CD1E-D2BC-4B50-9E00-EA516AE0C759}"
EndProject
Project("{2150E333-8FDC-42A3-9474-1A3956D46DE8}") = "AdvancedSample", "AdvancedSample", "{2182B089-FAA8-4F81-8E45-FDA5A4460753}"
EndProject
Project("{2150E333-8FDC-42A3-9474-1A3956D46DE8}") = "Core", "Core", "{A5886EE5-E994-43BA-AE24-92B0033E32F8}"
EndProject
Project("{FAE04EC0-301F-11D3-BF4B-00C04F79EFBC}") = "AdvancedSample.Core.Service", "Samples\AdvancedSample.Core.Service\AdvancedSample.Core.Service.csproj", "{7ABF4C9A-F782-433B-9A4A-D85913CD82EF}"
EndProject
Project("{2150E333-8FDC-42A3-9474-1A3956D46DE8}") = "Messaging", "Messaging", "{132814F0-9AC0-4485-9CFC-1557DDF87DCE}"
EndProject
Project("{FAE04EC0-301F-11D3-BF4B-00C04F79EFBC}") = "AdvancedSample.Messaging.Server", "Samples\AdvancedSample.Messaging.Server\AdvancedSample.Messaging.Server.csproj", "{F7604743-CA17-49A9-AC29-6485FEC46CD3}"
EndProject
Project("{2150E333-8FDC-42A3-9474-1A3956D46DE8}") = "Services", "Services", "{DCF624E0-B7F2-43BA-B50A-C5FE858FDB29}"
EndProject
Project("{FAE04EC0-301F-11D3-BF4B-00C04F79EFBC}") = "AdvancedSample.ProductService.CommandService", "Samples\AdvancedSample.ProductService.CommandService\AdvancedSample.ProductService.CommandService.csproj", "{C9F2D68F-251D-4EAA-BA8D-30D38C3F0CD1}"
EndProject
Project("{FAE04EC0-301F-11D3-BF4B-00C04F79EFBC}") = "AdvancedSample.ProductService.QueryService", "Samples\AdvancedSample.ProductService.QueryService\AdvancedSample.ProductService.QueryService.csproj", "{C83A9553-98AD-4B40-96C8-0A230CE9CFE9}"
EndProject
Project("{2150E333-8FDC-42A3-9474-1A3956D46DE8}") = "ProductService", "ProductService", "{C643FBC7-EBF2-4D61-9DD4-91D47CEC8379}"
EndProject
Project("{FAE04EC0-301F-11D3-BF4B-00C04F79EFBC}") = "AdvancedSample.ProductService.Domain", "Samples\AdvancedSample.ProductService.Domain\AdvancedSample.ProductService.Domain.csproj", "{45EED01F-3C1A-46DA-829D-B190ED786BB2}"
EndProject
Project("{FAE04EC0-301F-11D3-BF4B-00C04F79EFBC}") = "AdvancedSample.Core.Domain", "Samples\AdvancedSample.Core.Domain\AdvancedSample.Core.Domain.csproj", "{85670B06-89C6-46FA-A030-16FE0FA5217A}"
EndProject
Project("{2150E333-8FDC-42A3-9474-1A3956D46DE8}") = "DataAccess", "DataAccess", "{DF246CE3-04DB-4663-82A6-68431896B091}"
EndProject
Project("{FAE04EC0-301F-11D3-BF4B-00C04F79EFBC}") = "AdvancedSample.DataAccess.Repository", "Samples\AdvancedSample.DataAccess.Repository\AdvancedSample.DataAccess.Repository.csproj", "{1247E659-E086-4B28-B871-897234CCBE8D}"
EndProject
Project("{FAE04EC0-301F-11D3-BF4B-00C04F79EFBC}") = "AdvancedSample.ProductService.Context", "Samples\AdvancedSample.ProductService.Context\AdvancedSample.ProductService.Context.csproj", "{5DC98D21-2B72-4C38-9719-576AD7513E9B}"
EndProject
Project("{2150E333-8FDC-42A3-9474-1A3956D46DE8}") = "Playground", "Playground", "{0B16431E-7BE0-491A-9953-B1D2B28CC5AA}"
EndProject
Project("{FAE04EC0-301F-11D3-BF4B-00C04F79EFBC}") = "AdvancedSample.Playground", "Samples\AdvancedSample.Playground\AdvancedSample.Playground.csproj", "{7084D0C6-2798-4713-A29E-2B8A883957E3}"
EndProject
Project("{FAE04EC0-301F-11D3-BF4B-00C04F79EFBC}") = "AdvancedSample.ProductService.Models", "Samples\AdvancedSample.ProductService.Models\AdvancedSample.ProductService.Models.csproj", "{ABE05D38-7412-4AC6-8573-6456078A6CDA}"
EndProject
Project("{2150E333-8FDC-42A3-9474-1A3956D46DE8}") = "Common", "Common", "{010175DD-B00C-4A50-A460-AB90DA84DC70}"
EndProject
Project("{FAE04EC0-301F-11D3-BF4B-00C04F79EFBC}") = "AdvancedSample.Common.Infrastructure", "Samples\AdvancedSample.Common.Infrastructure\AdvancedSample.Common.Infrastructure.csproj", "{E9817500-406E-479F-A9BC-A669C6C68CDE}"
EndProject
Project("{FAE04EC0-301F-11D3-BF4B-00C04F79EFBC}") = "AdvancedSample.ProductService.Core", "Samples\AdvancedSample.ProductService.Core\AdvancedSample.ProductService.Core.csproj", "{AEC7FC5B-2F74-4A01-B07A-0B78D970E31A}"
EndProject
Project("{FAE04EC0-301F-11D3-BF4B-00C04F79EFBC}") = "AdvancedSample.Core.Api", "Samples\AdvancedSample.Core.Api\AdvancedSample.Core.Api.csproj", "{E4913CB8-9E22-4194-8DE6-8EE66B085FF6}"
EndProject
Project("{FAE04EC0-301F-11D3-BF4B-00C04F79EFBC}") = "AdvancedSample.ProductService.Api", "Samples\AdvancedSample.ProductService.Api\AdvancedSample.ProductService.Api.csproj", "{4CA8DCB3-72B5-40AE-9F54-CE8FB15194D1}"
EndProject
Project("{2150E333-8FDC-42A3-9474-1A3956D46DE8}") = "OrderService", "OrderService", "{E4979515-1C9F-4A53-9298-EF6F6559FA0A}"
EndProject
Project("{FAE04EC0-301F-11D3-BF4B-00C04F79EFBC}") = "AdvancedSample.OrderService.CommandService", "Samples\AdvancedSample.OrderService.CommandService\AdvancedSample.OrderService.CommandService.csproj", "{0BC1751E-4EF1-4E04-AC90-C518D57830CE}"
EndProject
Project("{FAE04EC0-301F-11D3-BF4B-00C04F79EFBC}") = "AdvancedSample.OrderService.QueryService", "Samples\AdvancedSample.OrderService.QueryService\AdvancedSample.OrderService.QueryService.csproj", "{1B19D0D3-8916-44EA-8C70-1037D77FAE95}"
EndProject
Project("{FAE04EC0-301F-11D3-BF4B-00C04F79EFBC}") = "AdvancedSample.OrderService.Api", "Samples\AdvancedSample.OrderService.Api\AdvancedSample.OrderService.Api.csproj", "{BFE3D47D-D2B1-4034-9402-87C0A0D7688C}"
EndProject
Project("{FAE04EC0-301F-11D3-BF4B-00C04F79EFBC}") = "AdvancedSample.OrderService.Core", "Samples\AdvancedSample.OrderService.Core\AdvancedSample.OrderService.Core.csproj", "{37B5C31D-7153-40E9-8B60-DF9E48F58DE1}"
EndProject
Project("{FAE04EC0-301F-11D3-BF4B-00C04F79EFBC}") = "AdvancedSample.OrderService.Models", "Samples\AdvancedSample.OrderService.Models\AdvancedSample.OrderService.Models.csproj", "{6E064AE5-8A70-4817-B68E-B7EE06AC8A6F}"
EndProject
Project("{FAE04EC0-301F-11D3-BF4B-00C04F79EFBC}") = "AdvancedSample.OrderService.Context", "Samples\AdvancedSample.OrderService.Context\AdvancedSample.OrderService.Context.csproj", "{A0711405-B781-47F4-9C56-10DE7C015A4F}"
EndProject
Project("{FAE04EC0-301F-11D3-BF4B-00C04F79EFBC}") = "AdvancedSample.OrderService.Domain", "Samples\AdvancedSample.OrderService.Domain\AdvancedSample.OrderService.Domain.csproj", "{909B5386-50D6-45FF-8501-1381B7C63DB9}"
EndProject
Project("{FAE04EC0-301F-11D3-BF4B-00C04F79EFBC}") = "AdvancedSample.Common.Extensions", "Samples\AdvancedSample.Common.Extensions\AdvancedSample.Common.Extensions.csproj", "{EB334837-B455-4AC8-9B38-96F561AE6DE8}"
EndProject
Project("{FAE04EC0-301F-11D3-BF4B-00C04F79EFBC}") = "AdvancedSample.OrderService.EventService", "Samples\AdvancedSample.OrderService.EventService\AdvancedSample.OrderService.EventService.csproj", "{6BC27874-66FA-4431-A8C0-02E253BF36CD}"
EndProject
Project("{FAE04EC0-301F-11D3-BF4B-00C04F79EFBC}") = "AdvancedSample.OrderService.Relay", "Samples\AdvancedSample.OrderService.Relay\AdvancedSample.OrderService.Relay.csproj", "{A0FB3988-B130-4212-B46A-29BE43E87E79}"
EndProject
Project("{FAE04EC0-301F-11D3-BF4B-00C04F79EFBC}") = "Sample.DirectHandler", "Samples\Sample.DirectHandler\Sample.DirectHandler.csproj", "{9F9C0F3D-F6FB-4469-B259-4392A1339775}"
EndProject
Project("{FAE04EC0-301F-11D3-BF4B-00C04F79EFBC}") = "Test.Transaction", "Tests\Test.Transaction\Test.Transaction.csproj", "{C1F953E0-4684-4CDA-8AFD-3ABC58D55C11}"
EndProject
Global
	GlobalSection(SolutionConfigurationPlatforms) = preSolution
		Debug|Any CPU = Debug|Any CPU
		Release|Any CPU = Release|Any CPU
	EndGlobalSection
	GlobalSection(ProjectConfigurationPlatforms) = postSolution
		{3A3A6CBA-E31C-4E63-A06A-E0FF5DFE1619}.Debug|Any CPU.ActiveCfg = Debug|Any CPU
		{3A3A6CBA-E31C-4E63-A06A-E0FF5DFE1619}.Debug|Any CPU.Build.0 = Debug|Any CPU
		{3A3A6CBA-E31C-4E63-A06A-E0FF5DFE1619}.Release|Any CPU.ActiveCfg = Release|Any CPU
		{3A3A6CBA-E31C-4E63-A06A-E0FF5DFE1619}.Release|Any CPU.Build.0 = Release|Any CPU
		{CFB19F80-FBC0-4999-BD95-44CF0B916B86}.Debug|Any CPU.ActiveCfg = Debug|Any CPU
		{CFB19F80-FBC0-4999-BD95-44CF0B916B86}.Debug|Any CPU.Build.0 = Debug|Any CPU
		{CFB19F80-FBC0-4999-BD95-44CF0B916B86}.Release|Any CPU.ActiveCfg = Release|Any CPU
		{CFB19F80-FBC0-4999-BD95-44CF0B916B86}.Release|Any CPU.Build.0 = Release|Any CPU
		{D0F826C2-8B03-48D1-88C1-8BFF917C8EBC}.Debug|Any CPU.ActiveCfg = Debug|Any CPU
		{D0F826C2-8B03-48D1-88C1-8BFF917C8EBC}.Debug|Any CPU.Build.0 = Debug|Any CPU
		{D0F826C2-8B03-48D1-88C1-8BFF917C8EBC}.Release|Any CPU.ActiveCfg = Release|Any CPU
		{D0F826C2-8B03-48D1-88C1-8BFF917C8EBC}.Release|Any CPU.Build.0 = Release|Any CPU
		{A75CABEB-197E-457A-AAC9-4C59D49DDF68}.Debug|Any CPU.ActiveCfg = Debug|Any CPU
		{A75CABEB-197E-457A-AAC9-4C59D49DDF68}.Debug|Any CPU.Build.0 = Debug|Any CPU
		{A75CABEB-197E-457A-AAC9-4C59D49DDF68}.Release|Any CPU.ActiveCfg = Release|Any CPU
		{A75CABEB-197E-457A-AAC9-4C59D49DDF68}.Release|Any CPU.Build.0 = Release|Any CPU
		{45017EA4-63E1-49BF-8B53-25A45ADF8FCD}.Debug|Any CPU.ActiveCfg = Debug|Any CPU
		{45017EA4-63E1-49BF-8B53-25A45ADF8FCD}.Debug|Any CPU.Build.0 = Debug|Any CPU
		{45017EA4-63E1-49BF-8B53-25A45ADF8FCD}.Release|Any CPU.ActiveCfg = Release|Any CPU
		{45017EA4-63E1-49BF-8B53-25A45ADF8FCD}.Release|Any CPU.Build.0 = Release|Any CPU
		{66F442DC-EC31-4BD9-B124-64D343B45A6A}.Debug|Any CPU.ActiveCfg = Debug|Any CPU
		{66F442DC-EC31-4BD9-B124-64D343B45A6A}.Debug|Any CPU.Build.0 = Debug|Any CPU
		{66F442DC-EC31-4BD9-B124-64D343B45A6A}.Release|Any CPU.ActiveCfg = Release|Any CPU
		{66F442DC-EC31-4BD9-B124-64D343B45A6A}.Release|Any CPU.Build.0 = Release|Any CPU
		{E7ADC6AE-2393-4422-87E7-1CD9A9B4B124}.Debug|Any CPU.ActiveCfg = Debug|Any CPU
		{E7ADC6AE-2393-4422-87E7-1CD9A9B4B124}.Debug|Any CPU.Build.0 = Debug|Any CPU
		{E7ADC6AE-2393-4422-87E7-1CD9A9B4B124}.Release|Any CPU.ActiveCfg = Release|Any CPU
		{E7ADC6AE-2393-4422-87E7-1CD9A9B4B124}.Release|Any CPU.Build.0 = Release|Any CPU
		{F7C4DC6A-01D7-4D1A-893D-58DB39027759}.Debug|Any CPU.ActiveCfg = Debug|Any CPU
		{F7C4DC6A-01D7-4D1A-893D-58DB39027759}.Debug|Any CPU.Build.0 = Debug|Any CPU
		{F7C4DC6A-01D7-4D1A-893D-58DB39027759}.Release|Any CPU.ActiveCfg = Release|Any CPU
		{F7C4DC6A-01D7-4D1A-893D-58DB39027759}.Release|Any CPU.Build.0 = Release|Any CPU
		{410C6A1F-34B3-40B8-8807-17B57409E611}.Debug|Any CPU.ActiveCfg = Debug|Any CPU
		{410C6A1F-34B3-40B8-8807-17B57409E611}.Debug|Any CPU.Build.0 = Debug|Any CPU
		{410C6A1F-34B3-40B8-8807-17B57409E611}.Release|Any CPU.ActiveCfg = Release|Any CPU
		{410C6A1F-34B3-40B8-8807-17B57409E611}.Release|Any CPU.Build.0 = Release|Any CPU
		{42128A82-DC39-4401-9D90-968FE2510E67}.Debug|Any CPU.ActiveCfg = Debug|Any CPU
		{42128A82-DC39-4401-9D90-968FE2510E67}.Debug|Any CPU.Build.0 = Debug|Any CPU
		{42128A82-DC39-4401-9D90-968FE2510E67}.Release|Any CPU.ActiveCfg = Release|Any CPU
		{42128A82-DC39-4401-9D90-968FE2510E67}.Release|Any CPU.Build.0 = Release|Any CPU
		{0D589E82-42FA-4970-A1FA-C5D2C921CD35}.Debug|Any CPU.ActiveCfg = Debug|Any CPU
		{0D589E82-42FA-4970-A1FA-C5D2C921CD35}.Debug|Any CPU.Build.0 = Debug|Any CPU
		{0D589E82-42FA-4970-A1FA-C5D2C921CD35}.Release|Any CPU.ActiveCfg = Release|Any CPU
		{0D589E82-42FA-4970-A1FA-C5D2C921CD35}.Release|Any CPU.Build.0 = Release|Any CPU
		{EABE1565-9513-4704-872E-F801AF29C456}.Debug|Any CPU.ActiveCfg = Debug|Any CPU
		{EABE1565-9513-4704-872E-F801AF29C456}.Debug|Any CPU.Build.0 = Debug|Any CPU
		{EABE1565-9513-4704-872E-F801AF29C456}.Release|Any CPU.ActiveCfg = Release|Any CPU
		{EABE1565-9513-4704-872E-F801AF29C456}.Release|Any CPU.Build.0 = Release|Any CPU
		{407CA4E7-57AF-4AF7-92CA-44DFA26CCC6C}.Debug|Any CPU.ActiveCfg = Debug|Any CPU
		{407CA4E7-57AF-4AF7-92CA-44DFA26CCC6C}.Debug|Any CPU.Build.0 = Debug|Any CPU
		{407CA4E7-57AF-4AF7-92CA-44DFA26CCC6C}.Release|Any CPU.ActiveCfg = Release|Any CPU
		{407CA4E7-57AF-4AF7-92CA-44DFA26CCC6C}.Release|Any CPU.Build.0 = Release|Any CPU
		{A0D7D361-89FA-48F5-8B66-B2AB5126B210}.Debug|Any CPU.ActiveCfg = Debug|Any CPU
		{A0D7D361-89FA-48F5-8B66-B2AB5126B210}.Debug|Any CPU.Build.0 = Debug|Any CPU
		{A0D7D361-89FA-48F5-8B66-B2AB5126B210}.Release|Any CPU.ActiveCfg = Release|Any CPU
		{A0D7D361-89FA-48F5-8B66-B2AB5126B210}.Release|Any CPU.Build.0 = Release|Any CPU
		{2AF41E76-D345-46F9-A783-FF0AEDD2526F}.Debug|Any CPU.ActiveCfg = Debug|Any CPU
		{2AF41E76-D345-46F9-A783-FF0AEDD2526F}.Debug|Any CPU.Build.0 = Debug|Any CPU
		{2AF41E76-D345-46F9-A783-FF0AEDD2526F}.Release|Any CPU.ActiveCfg = Release|Any CPU
		{2AF41E76-D345-46F9-A783-FF0AEDD2526F}.Release|Any CPU.Build.0 = Release|Any CPU
		{78630FD3-DA2F-45B6-91B3-18D08707D6C8}.Debug|Any CPU.ActiveCfg = Debug|Any CPU
		{78630FD3-DA2F-45B6-91B3-18D08707D6C8}.Debug|Any CPU.Build.0 = Debug|Any CPU
		{78630FD3-DA2F-45B6-91B3-18D08707D6C8}.Release|Any CPU.ActiveCfg = Release|Any CPU
		{78630FD3-DA2F-45B6-91B3-18D08707D6C8}.Release|Any CPU.Build.0 = Release|Any CPU
		{60E80FB8-47E0-4836-A439-17DE6A39C4F4}.Debug|Any CPU.ActiveCfg = Debug|Any CPU
		{60E80FB8-47E0-4836-A439-17DE6A39C4F4}.Debug|Any CPU.Build.0 = Debug|Any CPU
		{60E80FB8-47E0-4836-A439-17DE6A39C4F4}.Release|Any CPU.ActiveCfg = Release|Any CPU
		{60E80FB8-47E0-4836-A439-17DE6A39C4F4}.Release|Any CPU.Build.0 = Release|Any CPU
		{5ECCB141-4C45-4307-9551-C920414B7B86}.Debug|Any CPU.ActiveCfg = Debug|Any CPU
		{5ECCB141-4C45-4307-9551-C920414B7B86}.Debug|Any CPU.Build.0 = Debug|Any CPU
		{5ECCB141-4C45-4307-9551-C920414B7B86}.Release|Any CPU.ActiveCfg = Release|Any CPU
		{5ECCB141-4C45-4307-9551-C920414B7B86}.Release|Any CPU.Build.0 = Release|Any CPU
		{9F8F2687-5087-4941-A3DC-E68686CB425D}.Debug|Any CPU.ActiveCfg = Debug|Any CPU
		{9F8F2687-5087-4941-A3DC-E68686CB425D}.Debug|Any CPU.Build.0 = Debug|Any CPU
		{9F8F2687-5087-4941-A3DC-E68686CB425D}.Release|Any CPU.ActiveCfg = Release|Any CPU
		{9F8F2687-5087-4941-A3DC-E68686CB425D}.Release|Any CPU.Build.0 = Release|Any CPU
		{BF89E491-7C21-4115-99D6-33E2C18E997A}.Debug|Any CPU.ActiveCfg = Debug|Any CPU
		{BF89E491-7C21-4115-99D6-33E2C18E997A}.Debug|Any CPU.Build.0 = Debug|Any CPU
		{BF89E491-7C21-4115-99D6-33E2C18E997A}.Release|Any CPU.ActiveCfg = Release|Any CPU
		{BF89E491-7C21-4115-99D6-33E2C18E997A}.Release|Any CPU.Build.0 = Release|Any CPU
		{3F9EBD9F-0D13-43A1-904D-203AEB453C77}.Debug|Any CPU.ActiveCfg = Debug|Any CPU
		{3F9EBD9F-0D13-43A1-904D-203AEB453C77}.Debug|Any CPU.Build.0 = Debug|Any CPU
		{3F9EBD9F-0D13-43A1-904D-203AEB453C77}.Release|Any CPU.ActiveCfg = Release|Any CPU
		{3F9EBD9F-0D13-43A1-904D-203AEB453C77}.Release|Any CPU.Build.0 = Release|Any CPU
		{8F2FFF04-9548-4901-A741-63D2C2350686}.Debug|Any CPU.ActiveCfg = Debug|Any CPU
		{8F2FFF04-9548-4901-A741-63D2C2350686}.Debug|Any CPU.Build.0 = Debug|Any CPU
		{8F2FFF04-9548-4901-A741-63D2C2350686}.Release|Any CPU.ActiveCfg = Release|Any CPU
		{8F2FFF04-9548-4901-A741-63D2C2350686}.Release|Any CPU.Build.0 = Release|Any CPU
		{7ABFB86B-EBEF-4513-A66E-3E594191E13B}.Debug|Any CPU.ActiveCfg = Debug|Any CPU
		{7ABFB86B-EBEF-4513-A66E-3E594191E13B}.Debug|Any CPU.Build.0 = Debug|Any CPU
		{7ABFB86B-EBEF-4513-A66E-3E594191E13B}.Release|Any CPU.ActiveCfg = Release|Any CPU
		{7ABFB86B-EBEF-4513-A66E-3E594191E13B}.Release|Any CPU.Build.0 = Release|Any CPU
		{1FA1F66F-56F0-4CE4-8103-0B1B4B65C366}.Debug|Any CPU.ActiveCfg = Debug|Any CPU
		{1FA1F66F-56F0-4CE4-8103-0B1B4B65C366}.Debug|Any CPU.Build.0 = Debug|Any CPU
		{1FA1F66F-56F0-4CE4-8103-0B1B4B65C366}.Release|Any CPU.ActiveCfg = Release|Any CPU
		{1FA1F66F-56F0-4CE4-8103-0B1B4B65C366}.Release|Any CPU.Build.0 = Release|Any CPU
		{05257B96-8D69-4ECB-BEA1-D5CC56ABDB88}.Debug|Any CPU.ActiveCfg = Debug|Any CPU
		{05257B96-8D69-4ECB-BEA1-D5CC56ABDB88}.Debug|Any CPU.Build.0 = Debug|Any CPU
		{05257B96-8D69-4ECB-BEA1-D5CC56ABDB88}.Release|Any CPU.ActiveCfg = Release|Any CPU
		{05257B96-8D69-4ECB-BEA1-D5CC56ABDB88}.Release|Any CPU.Build.0 = Release|Any CPU
		{BC085985-6405-40B3-A05D-E9F6267000CE}.Debug|Any CPU.ActiveCfg = Debug|Any CPU
		{BC085985-6405-40B3-A05D-E9F6267000CE}.Debug|Any CPU.Build.0 = Debug|Any CPU
		{BC085985-6405-40B3-A05D-E9F6267000CE}.Release|Any CPU.ActiveCfg = Release|Any CPU
		{BC085985-6405-40B3-A05D-E9F6267000CE}.Release|Any CPU.Build.0 = Release|Any CPU
		{DC93CD1E-D2BC-4B50-9E00-EA516AE0C759}.Debug|Any CPU.ActiveCfg = Debug|Any CPU
		{DC93CD1E-D2BC-4B50-9E00-EA516AE0C759}.Debug|Any CPU.Build.0 = Debug|Any CPU
		{DC93CD1E-D2BC-4B50-9E00-EA516AE0C759}.Release|Any CPU.ActiveCfg = Release|Any CPU
		{DC93CD1E-D2BC-4B50-9E00-EA516AE0C759}.Release|Any CPU.Build.0 = Release|Any CPU
		{7ABF4C9A-F782-433B-9A4A-D85913CD82EF}.Debug|Any CPU.ActiveCfg = Debug|Any CPU
		{7ABF4C9A-F782-433B-9A4A-D85913CD82EF}.Debug|Any CPU.Build.0 = Debug|Any CPU
		{7ABF4C9A-F782-433B-9A4A-D85913CD82EF}.Release|Any CPU.ActiveCfg = Release|Any CPU
		{7ABF4C9A-F782-433B-9A4A-D85913CD82EF}.Release|Any CPU.Build.0 = Release|Any CPU
		{F7604743-CA17-49A9-AC29-6485FEC46CD3}.Debug|Any CPU.ActiveCfg = Debug|Any CPU
		{F7604743-CA17-49A9-AC29-6485FEC46CD3}.Debug|Any CPU.Build.0 = Debug|Any CPU
		{F7604743-CA17-49A9-AC29-6485FEC46CD3}.Release|Any CPU.ActiveCfg = Release|Any CPU
		{F7604743-CA17-49A9-AC29-6485FEC46CD3}.Release|Any CPU.Build.0 = Release|Any CPU
		{C9F2D68F-251D-4EAA-BA8D-30D38C3F0CD1}.Debug|Any CPU.ActiveCfg = Debug|Any CPU
		{C9F2D68F-251D-4EAA-BA8D-30D38C3F0CD1}.Debug|Any CPU.Build.0 = Debug|Any CPU
		{C9F2D68F-251D-4EAA-BA8D-30D38C3F0CD1}.Release|Any CPU.ActiveCfg = Release|Any CPU
		{C9F2D68F-251D-4EAA-BA8D-30D38C3F0CD1}.Release|Any CPU.Build.0 = Release|Any CPU
		{C83A9553-98AD-4B40-96C8-0A230CE9CFE9}.Debug|Any CPU.ActiveCfg = Debug|Any CPU
		{C83A9553-98AD-4B40-96C8-0A230CE9CFE9}.Debug|Any CPU.Build.0 = Debug|Any CPU
		{C83A9553-98AD-4B40-96C8-0A230CE9CFE9}.Release|Any CPU.ActiveCfg = Release|Any CPU
		{C83A9553-98AD-4B40-96C8-0A230CE9CFE9}.Release|Any CPU.Build.0 = Release|Any CPU
		{45EED01F-3C1A-46DA-829D-B190ED786BB2}.Debug|Any CPU.ActiveCfg = Debug|Any CPU
		{45EED01F-3C1A-46DA-829D-B190ED786BB2}.Debug|Any CPU.Build.0 = Debug|Any CPU
		{45EED01F-3C1A-46DA-829D-B190ED786BB2}.Release|Any CPU.ActiveCfg = Release|Any CPU
		{45EED01F-3C1A-46DA-829D-B190ED786BB2}.Release|Any CPU.Build.0 = Release|Any CPU
		{85670B06-89C6-46FA-A030-16FE0FA5217A}.Debug|Any CPU.ActiveCfg = Debug|Any CPU
		{85670B06-89C6-46FA-A030-16FE0FA5217A}.Debug|Any CPU.Build.0 = Debug|Any CPU
		{85670B06-89C6-46FA-A030-16FE0FA5217A}.Release|Any CPU.ActiveCfg = Release|Any CPU
		{85670B06-89C6-46FA-A030-16FE0FA5217A}.Release|Any CPU.Build.0 = Release|Any CPU
		{1247E659-E086-4B28-B871-897234CCBE8D}.Debug|Any CPU.ActiveCfg = Debug|Any CPU
		{1247E659-E086-4B28-B871-897234CCBE8D}.Debug|Any CPU.Build.0 = Debug|Any CPU
		{1247E659-E086-4B28-B871-897234CCBE8D}.Release|Any CPU.ActiveCfg = Release|Any CPU
		{1247E659-E086-4B28-B871-897234CCBE8D}.Release|Any CPU.Build.0 = Release|Any CPU
		{5DC98D21-2B72-4C38-9719-576AD7513E9B}.Debug|Any CPU.ActiveCfg = Debug|Any CPU
		{5DC98D21-2B72-4C38-9719-576AD7513E9B}.Debug|Any CPU.Build.0 = Debug|Any CPU
		{5DC98D21-2B72-4C38-9719-576AD7513E9B}.Release|Any CPU.ActiveCfg = Release|Any CPU
		{5DC98D21-2B72-4C38-9719-576AD7513E9B}.Release|Any CPU.Build.0 = Release|Any CPU
		{7084D0C6-2798-4713-A29E-2B8A883957E3}.Debug|Any CPU.ActiveCfg = Debug|Any CPU
		{7084D0C6-2798-4713-A29E-2B8A883957E3}.Debug|Any CPU.Build.0 = Debug|Any CPU
		{7084D0C6-2798-4713-A29E-2B8A883957E3}.Release|Any CPU.ActiveCfg = Release|Any CPU
		{7084D0C6-2798-4713-A29E-2B8A883957E3}.Release|Any CPU.Build.0 = Release|Any CPU
		{ABE05D38-7412-4AC6-8573-6456078A6CDA}.Debug|Any CPU.ActiveCfg = Debug|Any CPU
		{ABE05D38-7412-4AC6-8573-6456078A6CDA}.Debug|Any CPU.Build.0 = Debug|Any CPU
		{ABE05D38-7412-4AC6-8573-6456078A6CDA}.Release|Any CPU.ActiveCfg = Release|Any CPU
		{ABE05D38-7412-4AC6-8573-6456078A6CDA}.Release|Any CPU.Build.0 = Release|Any CPU
		{E9817500-406E-479F-A9BC-A669C6C68CDE}.Debug|Any CPU.ActiveCfg = Debug|Any CPU
		{E9817500-406E-479F-A9BC-A669C6C68CDE}.Debug|Any CPU.Build.0 = Debug|Any CPU
		{E9817500-406E-479F-A9BC-A669C6C68CDE}.Release|Any CPU.ActiveCfg = Release|Any CPU
		{E9817500-406E-479F-A9BC-A669C6C68CDE}.Release|Any CPU.Build.0 = Release|Any CPU
		{AEC7FC5B-2F74-4A01-B07A-0B78D970E31A}.Debug|Any CPU.ActiveCfg = Debug|Any CPU
		{AEC7FC5B-2F74-4A01-B07A-0B78D970E31A}.Debug|Any CPU.Build.0 = Debug|Any CPU
		{AEC7FC5B-2F74-4A01-B07A-0B78D970E31A}.Release|Any CPU.ActiveCfg = Release|Any CPU
		{AEC7FC5B-2F74-4A01-B07A-0B78D970E31A}.Release|Any CPU.Build.0 = Release|Any CPU
		{E4913CB8-9E22-4194-8DE6-8EE66B085FF6}.Debug|Any CPU.ActiveCfg = Debug|Any CPU
		{E4913CB8-9E22-4194-8DE6-8EE66B085FF6}.Debug|Any CPU.Build.0 = Debug|Any CPU
		{E4913CB8-9E22-4194-8DE6-8EE66B085FF6}.Release|Any CPU.ActiveCfg = Release|Any CPU
		{E4913CB8-9E22-4194-8DE6-8EE66B085FF6}.Release|Any CPU.Build.0 = Release|Any CPU
		{4CA8DCB3-72B5-40AE-9F54-CE8FB15194D1}.Debug|Any CPU.ActiveCfg = Debug|Any CPU
		{4CA8DCB3-72B5-40AE-9F54-CE8FB15194D1}.Debug|Any CPU.Build.0 = Debug|Any CPU
		{4CA8DCB3-72B5-40AE-9F54-CE8FB15194D1}.Release|Any CPU.ActiveCfg = Release|Any CPU
		{4CA8DCB3-72B5-40AE-9F54-CE8FB15194D1}.Release|Any CPU.Build.0 = Release|Any CPU
		{0BC1751E-4EF1-4E04-AC90-C518D57830CE}.Debug|Any CPU.ActiveCfg = Debug|Any CPU
		{0BC1751E-4EF1-4E04-AC90-C518D57830CE}.Debug|Any CPU.Build.0 = Debug|Any CPU
		{0BC1751E-4EF1-4E04-AC90-C518D57830CE}.Release|Any CPU.ActiveCfg = Release|Any CPU
		{0BC1751E-4EF1-4E04-AC90-C518D57830CE}.Release|Any CPU.Build.0 = Release|Any CPU
		{1B19D0D3-8916-44EA-8C70-1037D77FAE95}.Debug|Any CPU.ActiveCfg = Debug|Any CPU
		{1B19D0D3-8916-44EA-8C70-1037D77FAE95}.Debug|Any CPU.Build.0 = Debug|Any CPU
		{1B19D0D3-8916-44EA-8C70-1037D77FAE95}.Release|Any CPU.ActiveCfg = Release|Any CPU
		{1B19D0D3-8916-44EA-8C70-1037D77FAE95}.Release|Any CPU.Build.0 = Release|Any CPU
		{BFE3D47D-D2B1-4034-9402-87C0A0D7688C}.Debug|Any CPU.ActiveCfg = Debug|Any CPU
		{BFE3D47D-D2B1-4034-9402-87C0A0D7688C}.Debug|Any CPU.Build.0 = Debug|Any CPU
		{BFE3D47D-D2B1-4034-9402-87C0A0D7688C}.Release|Any CPU.ActiveCfg = Release|Any CPU
		{BFE3D47D-D2B1-4034-9402-87C0A0D7688C}.Release|Any CPU.Build.0 = Release|Any CPU
		{37B5C31D-7153-40E9-8B60-DF9E48F58DE1}.Debug|Any CPU.ActiveCfg = Debug|Any CPU
		{37B5C31D-7153-40E9-8B60-DF9E48F58DE1}.Debug|Any CPU.Build.0 = Debug|Any CPU
		{37B5C31D-7153-40E9-8B60-DF9E48F58DE1}.Release|Any CPU.ActiveCfg = Release|Any CPU
		{37B5C31D-7153-40E9-8B60-DF9E48F58DE1}.Release|Any CPU.Build.0 = Release|Any CPU
		{6E064AE5-8A70-4817-B68E-B7EE06AC8A6F}.Debug|Any CPU.ActiveCfg = Debug|Any CPU
		{6E064AE5-8A70-4817-B68E-B7EE06AC8A6F}.Debug|Any CPU.Build.0 = Debug|Any CPU
		{6E064AE5-8A70-4817-B68E-B7EE06AC8A6F}.Release|Any CPU.ActiveCfg = Release|Any CPU
		{6E064AE5-8A70-4817-B68E-B7EE06AC8A6F}.Release|Any CPU.Build.0 = Release|Any CPU
		{A0711405-B781-47F4-9C56-10DE7C015A4F}.Debug|Any CPU.ActiveCfg = Debug|Any CPU
		{A0711405-B781-47F4-9C56-10DE7C015A4F}.Debug|Any CPU.Build.0 = Debug|Any CPU
		{A0711405-B781-47F4-9C56-10DE7C015A4F}.Release|Any CPU.ActiveCfg = Release|Any CPU
		{A0711405-B781-47F4-9C56-10DE7C015A4F}.Release|Any CPU.Build.0 = Release|Any CPU
		{909B5386-50D6-45FF-8501-1381B7C63DB9}.Debug|Any CPU.ActiveCfg = Debug|Any CPU
		{909B5386-50D6-45FF-8501-1381B7C63DB9}.Debug|Any CPU.Build.0 = Debug|Any CPU
		{909B5386-50D6-45FF-8501-1381B7C63DB9}.Release|Any CPU.ActiveCfg = Release|Any CPU
		{909B5386-50D6-45FF-8501-1381B7C63DB9}.Release|Any CPU.Build.0 = Release|Any CPU
		{EB334837-B455-4AC8-9B38-96F561AE6DE8}.Debug|Any CPU.ActiveCfg = Debug|Any CPU
		{EB334837-B455-4AC8-9B38-96F561AE6DE8}.Debug|Any CPU.Build.0 = Debug|Any CPU
		{EB334837-B455-4AC8-9B38-96F561AE6DE8}.Release|Any CPU.ActiveCfg = Release|Any CPU
		{EB334837-B455-4AC8-9B38-96F561AE6DE8}.Release|Any CPU.Build.0 = Release|Any CPU
		{6BC27874-66FA-4431-A8C0-02E253BF36CD}.Debug|Any CPU.ActiveCfg = Debug|Any CPU
		{6BC27874-66FA-4431-A8C0-02E253BF36CD}.Debug|Any CPU.Build.0 = Debug|Any CPU
		{6BC27874-66FA-4431-A8C0-02E253BF36CD}.Release|Any CPU.ActiveCfg = Release|Any CPU
		{6BC27874-66FA-4431-A8C0-02E253BF36CD}.Release|Any CPU.Build.0 = Release|Any CPU
		{A0FB3988-B130-4212-B46A-29BE43E87E79}.Debug|Any CPU.ActiveCfg = Debug|Any CPU
		{A0FB3988-B130-4212-B46A-29BE43E87E79}.Debug|Any CPU.Build.0 = Debug|Any CPU
		{A0FB3988-B130-4212-B46A-29BE43E87E79}.Release|Any CPU.ActiveCfg = Release|Any CPU
		{A0FB3988-B130-4212-B46A-29BE43E87E79}.Release|Any CPU.Build.0 = Release|Any CPU
		{9F9C0F3D-F6FB-4469-B259-4392A1339775}.Debug|Any CPU.ActiveCfg = Debug|Any CPU
		{9F9C0F3D-F6FB-4469-B259-4392A1339775}.Debug|Any CPU.Build.0 = Debug|Any CPU
		{9F9C0F3D-F6FB-4469-B259-4392A1339775}.Release|Any CPU.ActiveCfg = Release|Any CPU
		{9F9C0F3D-F6FB-4469-B259-4392A1339775}.Release|Any CPU.Build.0 = Release|Any CPU
		{C1F953E0-4684-4CDA-8AFD-3ABC58D55C11}.Debug|Any CPU.ActiveCfg = Debug|Any CPU
		{C1F953E0-4684-4CDA-8AFD-3ABC58D55C11}.Debug|Any CPU.Build.0 = Debug|Any CPU
		{C1F953E0-4684-4CDA-8AFD-3ABC58D55C11}.Release|Any CPU.ActiveCfg = Release|Any CPU
		{C1F953E0-4684-4CDA-8AFD-3ABC58D55C11}.Release|Any CPU.Build.0 = Release|Any CPU
	EndGlobalSection
	GlobalSection(SolutionProperties) = preSolution
		HideSolutionNode = FALSE
	EndGlobalSection
	GlobalSection(NestedProjects) = preSolution
		{3A3A6CBA-E31C-4E63-A06A-E0FF5DFE1619} = {2BAA30B9-6118-4C33-BD6B-AC6A5827EC7E}
		{66F442DC-EC31-4BD9-B124-64D343B45A6A} = {41761E68-E2ED-4BFE-BBE1-D294A3967EB4}
		{E7ADC6AE-2393-4422-87E7-1CD9A9B4B124} = {41761E68-E2ED-4BFE-BBE1-D294A3967EB4}
		{F7C4DC6A-01D7-4D1A-893D-58DB39027759} = {41761E68-E2ED-4BFE-BBE1-D294A3967EB4}
		{410C6A1F-34B3-40B8-8807-17B57409E611} = {41761E68-E2ED-4BFE-BBE1-D294A3967EB4}
		{42128A82-DC39-4401-9D90-968FE2510E67} = {41761E68-E2ED-4BFE-BBE1-D294A3967EB4}
		{0D589E82-42FA-4970-A1FA-C5D2C921CD35} = {41761E68-E2ED-4BFE-BBE1-D294A3967EB4}
		{EABE1565-9513-4704-872E-F801AF29C456} = {41761E68-E2ED-4BFE-BBE1-D294A3967EB4}
		{407CA4E7-57AF-4AF7-92CA-44DFA26CCC6C} = {2BAA30B9-6118-4C33-BD6B-AC6A5827EC7E}
		{A0D7D361-89FA-48F5-8B66-B2AB5126B210} = {2BAA30B9-6118-4C33-BD6B-AC6A5827EC7E}
		{2AF41E76-D345-46F9-A783-FF0AEDD2526F} = {2BAA30B9-6118-4C33-BD6B-AC6A5827EC7E}
		{78630FD3-DA2F-45B6-91B3-18D08707D6C8} = {2BAA30B9-6118-4C33-BD6B-AC6A5827EC7E}
		{60E80FB8-47E0-4836-A439-17DE6A39C4F4} = {2BAA30B9-6118-4C33-BD6B-AC6A5827EC7E}
		{5ECCB141-4C45-4307-9551-C920414B7B86} = {95F840D9-C0FD-4679-A308-0E77316750FD}
		{9F8F2687-5087-4941-A3DC-E68686CB425D} = {95F840D9-C0FD-4679-A308-0E77316750FD}
		{BF89E491-7C21-4115-99D6-33E2C18E997A} = {95F840D9-C0FD-4679-A308-0E77316750FD}
		{3F9EBD9F-0D13-43A1-904D-203AEB453C77} = {95F840D9-C0FD-4679-A308-0E77316750FD}
		{8F2FFF04-9548-4901-A741-63D2C2350686} = {95F840D9-C0FD-4679-A308-0E77316750FD}
		{7ABFB86B-EBEF-4513-A66E-3E594191E13B} = {95F840D9-C0FD-4679-A308-0E77316750FD}
		{1FA1F66F-56F0-4CE4-8103-0B1B4B65C366} = {95F840D9-C0FD-4679-A308-0E77316750FD}
		{05257B96-8D69-4ECB-BEA1-D5CC56ABDB88} = {41761E68-E2ED-4BFE-BBE1-D294A3967EB4}
		{BC085985-6405-40B3-A05D-E9F6267000CE} = {41761E68-E2ED-4BFE-BBE1-D294A3967EB4}
		{DC93CD1E-D2BC-4B50-9E00-EA516AE0C759} = {41761E68-E2ED-4BFE-BBE1-D294A3967EB4}
		{2182B089-FAA8-4F81-8E45-FDA5A4460753} = {2BAA30B9-6118-4C33-BD6B-AC6A5827EC7E}
		{A5886EE5-E994-43BA-AE24-92B0033E32F8} = {2182B089-FAA8-4F81-8E45-FDA5A4460753}
		{7ABF4C9A-F782-433B-9A4A-D85913CD82EF} = {A5886EE5-E994-43BA-AE24-92B0033E32F8}
		{132814F0-9AC0-4485-9CFC-1557DDF87DCE} = {2182B089-FAA8-4F81-8E45-FDA5A4460753}
		{F7604743-CA17-49A9-AC29-6485FEC46CD3} = {132814F0-9AC0-4485-9CFC-1557DDF87DCE}
		{DCF624E0-B7F2-43BA-B50A-C5FE858FDB29} = {2182B089-FAA8-4F81-8E45-FDA5A4460753}
		{C643FBC7-EBF2-4D61-9DD4-91D47CEC8379} = {DCF624E0-B7F2-43BA-B50A-C5FE858FDB29}
		{C9F2D68F-251D-4EAA-BA8D-30D38C3F0CD1} = {C643FBC7-EBF2-4D61-9DD4-91D47CEC8379}
		{C83A9553-98AD-4B40-96C8-0A230CE9CFE9} = {C643FBC7-EBF2-4D61-9DD4-91D47CEC8379}
		{45EED01F-3C1A-46DA-829D-B190ED786BB2} = {C643FBC7-EBF2-4D61-9DD4-91D47CEC8379}
		{85670B06-89C6-46FA-A030-16FE0FA5217A} = {A5886EE5-E994-43BA-AE24-92B0033E32F8}
		{DF246CE3-04DB-4663-82A6-68431896B091} = {2182B089-FAA8-4F81-8E45-FDA5A4460753}
		{1247E659-E086-4B28-B871-897234CCBE8D} = {DF246CE3-04DB-4663-82A6-68431896B091}
		{5DC98D21-2B72-4C38-9719-576AD7513E9B} = {C643FBC7-EBF2-4D61-9DD4-91D47CEC8379}
		{0B16431E-7BE0-491A-9953-B1D2B28CC5AA} = {2182B089-FAA8-4F81-8E45-FDA5A4460753}
		{7084D0C6-2798-4713-A29E-2B8A883957E3} = {0B16431E-7BE0-491A-9953-B1D2B28CC5AA}
		{ABE05D38-7412-4AC6-8573-6456078A6CDA} = {C643FBC7-EBF2-4D61-9DD4-91D47CEC8379}
		{010175DD-B00C-4A50-A460-AB90DA84DC70} = {2182B089-FAA8-4F81-8E45-FDA5A4460753}
		{E9817500-406E-479F-A9BC-A669C6C68CDE} = {010175DD-B00C-4A50-A460-AB90DA84DC70}
		{AEC7FC5B-2F74-4A01-B07A-0B78D970E31A} = {C643FBC7-EBF2-4D61-9DD4-91D47CEC8379}
		{E4913CB8-9E22-4194-8DE6-8EE66B085FF6} = {A5886EE5-E994-43BA-AE24-92B0033E32F8}
		{4CA8DCB3-72B5-40AE-9F54-CE8FB15194D1} = {C643FBC7-EBF2-4D61-9DD4-91D47CEC8379}
		{E4979515-1C9F-4A53-9298-EF6F6559FA0A} = {DCF624E0-B7F2-43BA-B50A-C5FE858FDB29}
		{0BC1751E-4EF1-4E04-AC90-C518D57830CE} = {E4979515-1C9F-4A53-9298-EF6F6559FA0A}
		{1B19D0D3-8916-44EA-8C70-1037D77FAE95} = {E4979515-1C9F-4A53-9298-EF6F6559FA0A}
		{BFE3D47D-D2B1-4034-9402-87C0A0D7688C} = {E4979515-1C9F-4A53-9298-EF6F6559FA0A}
		{37B5C31D-7153-40E9-8B60-DF9E48F58DE1} = {E4979515-1C9F-4A53-9298-EF6F6559FA0A}
		{6E064AE5-8A70-4817-B68E-B7EE06AC8A6F} = {E4979515-1C9F-4A53-9298-EF6F6559FA0A}
		{A0711405-B781-47F4-9C56-10DE7C015A4F} = {E4979515-1C9F-4A53-9298-EF6F6559FA0A}
		{909B5386-50D6-45FF-8501-1381B7C63DB9} = {E4979515-1C9F-4A53-9298-EF6F6559FA0A}
		{EB334837-B455-4AC8-9B38-96F561AE6DE8} = {010175DD-B00C-4A50-A460-AB90DA84DC70}
		{6BC27874-66FA-4431-A8C0-02E253BF36CD} = {E4979515-1C9F-4A53-9298-EF6F6559FA0A}
		{A0FB3988-B130-4212-B46A-29BE43E87E79} = {E4979515-1C9F-4A53-9298-EF6F6559FA0A}
		{9F9C0F3D-F6FB-4469-B259-4392A1339775} = {2BAA30B9-6118-4C33-BD6B-AC6A5827EC7E}
		{C1F953E0-4684-4CDA-8AFD-3ABC58D55C11} = {41761E68-E2ED-4BFE-BBE1-D294A3967EB4}
	EndGlobalSection
	GlobalSection(ExtensibilityGlobals) = postSolution
		SolutionGuid = {A73712E1-2BB7-4F7D-852F-ED8FE4ABA180}
	EndGlobalSection
EndGlobal
