
Microsoft Visual Studio Solution File, Format Version 12.00
# Visual Studio Version 16
VisualStudioVersion = 16.0.29424.173
MinimumVisualStudioVersion = 10.0.40219.1
Project("{9A19103F-16F7-4668-BE54-9A1E7A4F7556}") = "Twino.Server", "Twino.Server\Twino.Server.csproj", "{579541AA-C67A-42F9-B568-AC1AC542CCDC}"
EndProject
Project("{2150E333-8FDC-42A3-9474-1A3956D46DE8}") = "Samples", "Samples", "{2BAA30B9-6118-4C33-BD6B-AC6A5827EC7E}"
EndProject
Project("{9A19103F-16F7-4668-BE54-9A1E7A4F7556}") = "Twino.Mvc", "Twino.Mvc\Twino.Mvc.csproj", "{21776C5B-D0DB-4563-98E6-E00054B9D93A}"
EndProject
Project("{9A19103F-16F7-4668-BE54-9A1E7A4F7556}") = "Twino.Mvc.Auth.Jwt", "Twino.Mvc.Auth.Jwt\Twino.Mvc.Auth.Jwt.csproj", "{9C623698-A2C8-4C8E-B5A4-0CDE712EF243}"
EndProject
Project("{9A19103F-16F7-4668-BE54-9A1E7A4F7556}") = "Twino.SerializableModel", "Twino.SerializableModel\Twino.SerializableModel.csproj", "{9F20F90E-B004-47CD-8B0D-ACF78FC29641}"
EndProject
Project("{2150E333-8FDC-42A3-9474-1A3956D46DE8}") = "Tests", "Tests", "{41761E68-E2ED-4BFE-BBE1-D294A3967EB4}"
EndProject
Project("{9A19103F-16F7-4668-BE54-9A1E7A4F7556}") = "Twino.Core", "Twino.Core\Twino.Core.csproj", "{CE47EA0B-6324-4703-A4BB-2C7BEDF89411}"
EndProject
Project("{2150E333-8FDC-42A3-9474-1A3956D46DE8}") = "Benchmarks", "Benchmarks", "{05242B0D-34D9-48EA-B34F-B8DB80028323}"
EndProject
Project("{9A19103F-16F7-4668-BE54-9A1E7A4F7556}") = "Test.Connector", "Tests\Test.Connector\Test.Connector.csproj", "{DAB422C7-5764-4B6E-9616-0FF972FFFD02}"
EndProject
Project("{9A19103F-16F7-4668-BE54-9A1E7A4F7556}") = "Test.Mvc", "Tests\Test.Mvc\Test.Mvc.csproj", "{8BBB0D1E-AA77-4175-8144-D47EBF62ED37}"
EndProject
Project("{9A19103F-16F7-4668-BE54-9A1E7A4F7556}") = "Test.Mvc.Auth.Jwt", "Tests\Test.Mvc.Auth.Jwt\Test.Mvc.Auth.Jwt.csproj", "{533184E5-D3C8-4A24-8D0F-AC14FBA3D1B2}"
EndProject
Project("{9A19103F-16F7-4668-BE54-9A1E7A4F7556}") = "Test.SerializableModel", "Tests\Test.SerializableModel\Test.SerializableModel.csproj", "{B062F015-8E5C-4CFC-8873-96A00D97F7B3}"
EndProject
Project("{9A19103F-16F7-4668-BE54-9A1E7A4F7556}") = "Playground", "Samples\Playground\Playground.csproj", "{3A3A6CBA-E31C-4E63-A06A-E0FF5DFE1619}"
EndProject
Project("{9A19103F-16F7-4668-BE54-9A1E7A4F7556}") = "Sample.Connectors", "Samples\Sample.Connectors\Sample.Connectors.csproj", "{159234FF-EB9F-4AA5-8EBE-4EB71264D840}"
EndProject
Project("{9A19103F-16F7-4668-BE54-9A1E7A4F7556}") = "Sample.Http.Server", "Samples\Sample.Http.Server\Sample.Http.Server.csproj", "{A49C9D44-5B32-4109-8EB5-CC07C12B00FD}"
EndProject
Project("{9A19103F-16F7-4668-BE54-9A1E7A4F7556}") = "Sample.Mvc", "Samples\Sample.Mvc\Sample.Mvc.csproj", "{0C480999-1907-4476-8181-B0F874F1F249}"
EndProject
Project("{9A19103F-16F7-4668-BE54-9A1E7A4F7556}") = "Sample.WebSocket.Client", "Samples\Sample.WebSocket.Client\Sample.WebSocket.Client.csproj", "{310E396D-33A4-4116-BC46-8CA6AF93A914}"
EndProject
Project("{9A19103F-16F7-4668-BE54-9A1E7A4F7556}") = "Sample.WebSocket.Server", "Samples\Sample.WebSocket.Server\Sample.WebSocket.Server.csproj", "{F431ECAC-56CF-44B6-99F9-95CFE17F07CD}"
EndProject
Project("{2150E333-8FDC-42A3-9474-1A3956D46DE8}") = "Http", "Http", "{C6A0F870-A7DD-4A51-87F2-50CAA3E07767}"
EndProject
Project("{2150E333-8FDC-42A3-9474-1A3956D46DE8}") = "Mvc", "Mvc", "{82AEAB6A-472C-45E6-9B0E-6C78BBE73F58}"
EndProject
Project("{9A19103F-16F7-4668-BE54-9A1E7A4F7556}") = "Benchmark.Json", "Benchmarks\Http\Benchmark.Json\Benchmark.Json.csproj", "{D2004EFD-0D06-4566-912F-20BFE59825B7}"
EndProject
Project("{9A19103F-16F7-4668-BE54-9A1E7A4F7556}") = "Benchmark.PlainText", "Benchmarks\Http\Benchmark.PlainText\Benchmark.PlainText.csproj", "{4C9C51E0-0EAE-4912-ACE2-C488981C8BBA}"
EndProject
Project("{9A19103F-16F7-4668-BE54-9A1E7A4F7556}") = "Benchmark.Mvc.PlainText", "Benchmarks\Mvc\Benchmark.Mvc.PlainText\Benchmark.Mvc.PlainText.csproj", "{25B0E391-D73D-4E3D-947D-C2A71C989164}"
EndProject
Project("{9A19103F-16F7-4668-BE54-9A1E7A4F7556}") = "Benchmark.Mvc.Json", "Benchmarks\Mvc\Benchmark.Mvc.Json\Benchmark.Mvc.Json.csproj", "{9BCE34FB-E279-476C-ACAF-077E4C0DCCC4}"
EndProject
Project("{FAE04EC0-301F-11D3-BF4B-00C04F79EFBC}") = "Twino.Ioc", "Twino.Ioc\Twino.Ioc.csproj", "{58995369-263D-4F0A-92E0-626C18FB8E9F}"
EndProject
Project("{FAE04EC0-301F-11D3-BF4B-00C04F79EFBC}") = "Test.Ioc", "Tests\Test.Ioc\Test.Ioc.csproj", "{DABA0200-161B-46FB-934D-FAC2843DE25F}"
EndProject
Project("{FAE04EC0-301F-11D3-BF4B-00C04F79EFBC}") = "Twino.Extensions.Data", "Twino.Extensions.Data\Twino.Extensions.Data.csproj", "{0031281F-ABD5-4905-92CE-E7688732FF84}"
EndProject
Project("{FAE04EC0-301F-11D3-BF4B-00C04F79EFBC}") = "Twino.Extensions.Http", "Twino.Extensions.Http\Twino.Extensions.Http.csproj", "{972D19A9-019E-4EDA-A8D0-18808E737838}"
EndProject
Project("{FAE04EC0-301F-11D3-BF4B-00C04F79EFBC}") = "Twino.MQ", "Twino.MQ\Twino.MQ.csproj", "{CFB19F80-FBC0-4999-BD95-44CF0B916B86}"
EndProject
Project("{FAE04EC0-301F-11D3-BF4B-00C04F79EFBC}") = "Twino.Protocols.Http", "Twino.Protocols.Http\Twino.Protocols.Http.csproj", "{47F11D9A-5915-48FB-BD3C-B8B32004A6DE}"
EndProject
Project("{FAE04EC0-301F-11D3-BF4B-00C04F79EFBC}") = "Twino.Protocols.WebSocket", "Twino.Protocols.WebSocket\Twino.Protocols.WebSocket.csproj", "{B8E2043F-BE56-4CBB-B1D5-D39F210AE013}"
EndProject
Project("{FAE04EC0-301F-11D3-BF4B-00C04F79EFBC}") = "Twino.Protocols.TMQ", "Twino.Protocols.TMQ\Twino.Protocols.TMQ.csproj", "{D0F826C2-8B03-48D1-88C1-8BFF917C8EBC}"
EndProject
Project("{FAE04EC0-301F-11D3-BF4B-00C04F79EFBC}") = "Twino.Client.Connectors", "Twino.Client.Connectors\Twino.Client.Connectors.csproj", "{EA1C07D0-0379-4F8C-8F5F-D9F0E7DE0010}"
EndProject
Project("{FAE04EC0-301F-11D3-BF4B-00C04F79EFBC}") = "Twino.Client.WebSocket", "Twino.Client.WebSocket\Twino.Client.WebSocket.csproj", "{1A53CD67-4AA7-4D27-AF46-D6BC35E1EA23}"
EndProject
Project("{FAE04EC0-301F-11D3-BF4B-00C04F79EFBC}") = "Twino.Client.TMQ", "Twino.Client.TMQ\Twino.Client.TMQ.csproj", "{A75CABEB-197E-457A-AAC9-4C59D49DDF68}"
EndProject
Project("{FAE04EC0-301F-11D3-BF4B-00C04F79EFBC}") = "Sample.Tmq", "Samples\Sample.Tmq\Sample.Tmq.csproj", "{971CA2D0-FED0-43C5-9270-69B0C51A0F1C}"
EndProject
Project("{FAE04EC0-301F-11D3-BF4B-00C04F79EFBC}") = "Sample.Mq", "Samples\Sample.Mq\Sample.Mq.csproj", "{BCE0C6B8-8332-4709-BBCD-D9D87D1A0671}"
EndProject
Project("{FAE04EC0-301F-11D3-BF4B-00C04F79EFBC}") = "Test.Mq", "Tests\Test.Mq\Test.Mq.csproj", "{44BCC806-180F-42F7-A848-D3623356D318}"
EndProject
Project("{FAE04EC0-301F-11D3-BF4B-00C04F79EFBC}") = "Twino.MQ.Server", "Twino.MQ.Server\Twino.MQ.Server.csproj", "{E4C3538A-26FA-406C-AFCC-FF98E38FD5AF}"
EndProject
Global
	GlobalSection(SolutionConfigurationPlatforms) = preSolution
		Debug|Any CPU = Debug|Any CPU
		Release|Any CPU = Release|Any CPU
	EndGlobalSection
	GlobalSection(ProjectConfigurationPlatforms) = postSolution
		{579541AA-C67A-42F9-B568-AC1AC542CCDC}.Debug|Any CPU.ActiveCfg = Debug|Any CPU
		{579541AA-C67A-42F9-B568-AC1AC542CCDC}.Debug|Any CPU.Build.0 = Debug|Any CPU
		{579541AA-C67A-42F9-B568-AC1AC542CCDC}.Release|Any CPU.ActiveCfg = Release|Any CPU
		{579541AA-C67A-42F9-B568-AC1AC542CCDC}.Release|Any CPU.Build.0 = Release|Any CPU
		{21776C5B-D0DB-4563-98E6-E00054B9D93A}.Debug|Any CPU.ActiveCfg = Debug|Any CPU
		{21776C5B-D0DB-4563-98E6-E00054B9D93A}.Debug|Any CPU.Build.0 = Debug|Any CPU
		{21776C5B-D0DB-4563-98E6-E00054B9D93A}.Release|Any CPU.ActiveCfg = Release|Any CPU
		{21776C5B-D0DB-4563-98E6-E00054B9D93A}.Release|Any CPU.Build.0 = Release|Any CPU
		{9C623698-A2C8-4C8E-B5A4-0CDE712EF243}.Debug|Any CPU.ActiveCfg = Debug|Any CPU
		{9C623698-A2C8-4C8E-B5A4-0CDE712EF243}.Debug|Any CPU.Build.0 = Debug|Any CPU
		{9C623698-A2C8-4C8E-B5A4-0CDE712EF243}.Release|Any CPU.ActiveCfg = Release|Any CPU
		{9C623698-A2C8-4C8E-B5A4-0CDE712EF243}.Release|Any CPU.Build.0 = Release|Any CPU
		{9F20F90E-B004-47CD-8B0D-ACF78FC29641}.Debug|Any CPU.ActiveCfg = Debug|Any CPU
		{9F20F90E-B004-47CD-8B0D-ACF78FC29641}.Debug|Any CPU.Build.0 = Debug|Any CPU
		{9F20F90E-B004-47CD-8B0D-ACF78FC29641}.Release|Any CPU.ActiveCfg = Release|Any CPU
		{9F20F90E-B004-47CD-8B0D-ACF78FC29641}.Release|Any CPU.Build.0 = Release|Any CPU
		{CE47EA0B-6324-4703-A4BB-2C7BEDF89411}.Debug|Any CPU.ActiveCfg = Debug|Any CPU
		{CE47EA0B-6324-4703-A4BB-2C7BEDF89411}.Debug|Any CPU.Build.0 = Debug|Any CPU
		{CE47EA0B-6324-4703-A4BB-2C7BEDF89411}.Release|Any CPU.ActiveCfg = Release|Any CPU
		{CE47EA0B-6324-4703-A4BB-2C7BEDF89411}.Release|Any CPU.Build.0 = Release|Any CPU
		{DAB422C7-5764-4B6E-9616-0FF972FFFD02}.Debug|Any CPU.ActiveCfg = Debug|Any CPU
		{DAB422C7-5764-4B6E-9616-0FF972FFFD02}.Debug|Any CPU.Build.0 = Debug|Any CPU
		{DAB422C7-5764-4B6E-9616-0FF972FFFD02}.Release|Any CPU.ActiveCfg = Release|Any CPU
		{DAB422C7-5764-4B6E-9616-0FF972FFFD02}.Release|Any CPU.Build.0 = Release|Any CPU
		{8BBB0D1E-AA77-4175-8144-D47EBF62ED37}.Debug|Any CPU.ActiveCfg = Debug|Any CPU
		{8BBB0D1E-AA77-4175-8144-D47EBF62ED37}.Debug|Any CPU.Build.0 = Debug|Any CPU
		{8BBB0D1E-AA77-4175-8144-D47EBF62ED37}.Release|Any CPU.ActiveCfg = Release|Any CPU
		{8BBB0D1E-AA77-4175-8144-D47EBF62ED37}.Release|Any CPU.Build.0 = Release|Any CPU
		{533184E5-D3C8-4A24-8D0F-AC14FBA3D1B2}.Debug|Any CPU.ActiveCfg = Debug|Any CPU
		{533184E5-D3C8-4A24-8D0F-AC14FBA3D1B2}.Debug|Any CPU.Build.0 = Debug|Any CPU
		{533184E5-D3C8-4A24-8D0F-AC14FBA3D1B2}.Release|Any CPU.ActiveCfg = Release|Any CPU
		{533184E5-D3C8-4A24-8D0F-AC14FBA3D1B2}.Release|Any CPU.Build.0 = Release|Any CPU
		{B062F015-8E5C-4CFC-8873-96A00D97F7B3}.Debug|Any CPU.ActiveCfg = Debug|Any CPU
		{B062F015-8E5C-4CFC-8873-96A00D97F7B3}.Debug|Any CPU.Build.0 = Debug|Any CPU
		{B062F015-8E5C-4CFC-8873-96A00D97F7B3}.Release|Any CPU.ActiveCfg = Release|Any CPU
		{B062F015-8E5C-4CFC-8873-96A00D97F7B3}.Release|Any CPU.Build.0 = Release|Any CPU
		{3A3A6CBA-E31C-4E63-A06A-E0FF5DFE1619}.Debug|Any CPU.ActiveCfg = Debug|Any CPU
		{3A3A6CBA-E31C-4E63-A06A-E0FF5DFE1619}.Debug|Any CPU.Build.0 = Debug|Any CPU
		{3A3A6CBA-E31C-4E63-A06A-E0FF5DFE1619}.Release|Any CPU.ActiveCfg = Release|Any CPU
		{3A3A6CBA-E31C-4E63-A06A-E0FF5DFE1619}.Release|Any CPU.Build.0 = Release|Any CPU
		{159234FF-EB9F-4AA5-8EBE-4EB71264D840}.Debug|Any CPU.ActiveCfg = Debug|Any CPU
		{159234FF-EB9F-4AA5-8EBE-4EB71264D840}.Debug|Any CPU.Build.0 = Debug|Any CPU
		{159234FF-EB9F-4AA5-8EBE-4EB71264D840}.Release|Any CPU.ActiveCfg = Release|Any CPU
		{159234FF-EB9F-4AA5-8EBE-4EB71264D840}.Release|Any CPU.Build.0 = Release|Any CPU
		{A49C9D44-5B32-4109-8EB5-CC07C12B00FD}.Debug|Any CPU.ActiveCfg = Debug|Any CPU
		{A49C9D44-5B32-4109-8EB5-CC07C12B00FD}.Debug|Any CPU.Build.0 = Debug|Any CPU
		{A49C9D44-5B32-4109-8EB5-CC07C12B00FD}.Release|Any CPU.ActiveCfg = Release|Any CPU
		{A49C9D44-5B32-4109-8EB5-CC07C12B00FD}.Release|Any CPU.Build.0 = Release|Any CPU
		{0C480999-1907-4476-8181-B0F874F1F249}.Debug|Any CPU.ActiveCfg = Debug|Any CPU
		{0C480999-1907-4476-8181-B0F874F1F249}.Debug|Any CPU.Build.0 = Debug|Any CPU
		{0C480999-1907-4476-8181-B0F874F1F249}.Release|Any CPU.ActiveCfg = Release|Any CPU
		{0C480999-1907-4476-8181-B0F874F1F249}.Release|Any CPU.Build.0 = Release|Any CPU
		{310E396D-33A4-4116-BC46-8CA6AF93A914}.Debug|Any CPU.ActiveCfg = Debug|Any CPU
		{310E396D-33A4-4116-BC46-8CA6AF93A914}.Debug|Any CPU.Build.0 = Debug|Any CPU
		{310E396D-33A4-4116-BC46-8CA6AF93A914}.Release|Any CPU.ActiveCfg = Release|Any CPU
		{310E396D-33A4-4116-BC46-8CA6AF93A914}.Release|Any CPU.Build.0 = Release|Any CPU
		{F431ECAC-56CF-44B6-99F9-95CFE17F07CD}.Debug|Any CPU.ActiveCfg = Debug|Any CPU
		{F431ECAC-56CF-44B6-99F9-95CFE17F07CD}.Debug|Any CPU.Build.0 = Debug|Any CPU
		{F431ECAC-56CF-44B6-99F9-95CFE17F07CD}.Release|Any CPU.ActiveCfg = Release|Any CPU
		{F431ECAC-56CF-44B6-99F9-95CFE17F07CD}.Release|Any CPU.Build.0 = Release|Any CPU
		{D2004EFD-0D06-4566-912F-20BFE59825B7}.Debug|Any CPU.ActiveCfg = Debug|Any CPU
		{D2004EFD-0D06-4566-912F-20BFE59825B7}.Debug|Any CPU.Build.0 = Debug|Any CPU
		{D2004EFD-0D06-4566-912F-20BFE59825B7}.Release|Any CPU.ActiveCfg = Release|Any CPU
		{D2004EFD-0D06-4566-912F-20BFE59825B7}.Release|Any CPU.Build.0 = Release|Any CPU
		{4C9C51E0-0EAE-4912-ACE2-C488981C8BBA}.Debug|Any CPU.ActiveCfg = Debug|Any CPU
		{4C9C51E0-0EAE-4912-ACE2-C488981C8BBA}.Debug|Any CPU.Build.0 = Debug|Any CPU
		{4C9C51E0-0EAE-4912-ACE2-C488981C8BBA}.Release|Any CPU.ActiveCfg = Release|Any CPU
		{4C9C51E0-0EAE-4912-ACE2-C488981C8BBA}.Release|Any CPU.Build.0 = Release|Any CPU
		{25B0E391-D73D-4E3D-947D-C2A71C989164}.Debug|Any CPU.ActiveCfg = Debug|Any CPU
		{25B0E391-D73D-4E3D-947D-C2A71C989164}.Debug|Any CPU.Build.0 = Debug|Any CPU
		{25B0E391-D73D-4E3D-947D-C2A71C989164}.Release|Any CPU.ActiveCfg = Release|Any CPU
		{25B0E391-D73D-4E3D-947D-C2A71C989164}.Release|Any CPU.Build.0 = Release|Any CPU
		{9BCE34FB-E279-476C-ACAF-077E4C0DCCC4}.Debug|Any CPU.ActiveCfg = Debug|Any CPU
		{9BCE34FB-E279-476C-ACAF-077E4C0DCCC4}.Debug|Any CPU.Build.0 = Debug|Any CPU
		{9BCE34FB-E279-476C-ACAF-077E4C0DCCC4}.Release|Any CPU.ActiveCfg = Release|Any CPU
		{9BCE34FB-E279-476C-ACAF-077E4C0DCCC4}.Release|Any CPU.Build.0 = Release|Any CPU
		{58995369-263D-4F0A-92E0-626C18FB8E9F}.Debug|Any CPU.ActiveCfg = Debug|Any CPU
		{58995369-263D-4F0A-92E0-626C18FB8E9F}.Debug|Any CPU.Build.0 = Debug|Any CPU
		{58995369-263D-4F0A-92E0-626C18FB8E9F}.Release|Any CPU.ActiveCfg = Release|Any CPU
		{58995369-263D-4F0A-92E0-626C18FB8E9F}.Release|Any CPU.Build.0 = Release|Any CPU
		{DABA0200-161B-46FB-934D-FAC2843DE25F}.Debug|Any CPU.ActiveCfg = Debug|Any CPU
		{DABA0200-161B-46FB-934D-FAC2843DE25F}.Debug|Any CPU.Build.0 = Debug|Any CPU
		{DABA0200-161B-46FB-934D-FAC2843DE25F}.Release|Any CPU.ActiveCfg = Release|Any CPU
		{DABA0200-161B-46FB-934D-FAC2843DE25F}.Release|Any CPU.Build.0 = Release|Any CPU
		{0031281F-ABD5-4905-92CE-E7688732FF84}.Debug|Any CPU.ActiveCfg = Debug|Any CPU
		{0031281F-ABD5-4905-92CE-E7688732FF84}.Debug|Any CPU.Build.0 = Debug|Any CPU
		{0031281F-ABD5-4905-92CE-E7688732FF84}.Release|Any CPU.ActiveCfg = Release|Any CPU
		{0031281F-ABD5-4905-92CE-E7688732FF84}.Release|Any CPU.Build.0 = Release|Any CPU
		{972D19A9-019E-4EDA-A8D0-18808E737838}.Debug|Any CPU.ActiveCfg = Debug|Any CPU
		{972D19A9-019E-4EDA-A8D0-18808E737838}.Debug|Any CPU.Build.0 = Debug|Any CPU
		{972D19A9-019E-4EDA-A8D0-18808E737838}.Release|Any CPU.ActiveCfg = Release|Any CPU
		{972D19A9-019E-4EDA-A8D0-18808E737838}.Release|Any CPU.Build.0 = Release|Any CPU
		{CFB19F80-FBC0-4999-BD95-44CF0B916B86}.Debug|Any CPU.ActiveCfg = Debug|Any CPU
		{CFB19F80-FBC0-4999-BD95-44CF0B916B86}.Debug|Any CPU.Build.0 = Debug|Any CPU
		{CFB19F80-FBC0-4999-BD95-44CF0B916B86}.Release|Any CPU.ActiveCfg = Release|Any CPU
		{CFB19F80-FBC0-4999-BD95-44CF0B916B86}.Release|Any CPU.Build.0 = Release|Any CPU
		{47F11D9A-5915-48FB-BD3C-B8B32004A6DE}.Debug|Any CPU.ActiveCfg = Debug|Any CPU
		{47F11D9A-5915-48FB-BD3C-B8B32004A6DE}.Debug|Any CPU.Build.0 = Debug|Any CPU
		{47F11D9A-5915-48FB-BD3C-B8B32004A6DE}.Release|Any CPU.ActiveCfg = Release|Any CPU
		{47F11D9A-5915-48FB-BD3C-B8B32004A6DE}.Release|Any CPU.Build.0 = Release|Any CPU
		{B8E2043F-BE56-4CBB-B1D5-D39F210AE013}.Debug|Any CPU.ActiveCfg = Debug|Any CPU
		{B8E2043F-BE56-4CBB-B1D5-D39F210AE013}.Debug|Any CPU.Build.0 = Debug|Any CPU
		{B8E2043F-BE56-4CBB-B1D5-D39F210AE013}.Release|Any CPU.ActiveCfg = Release|Any CPU
		{B8E2043F-BE56-4CBB-B1D5-D39F210AE013}.Release|Any CPU.Build.0 = Release|Any CPU
		{D0F826C2-8B03-48D1-88C1-8BFF917C8EBC}.Debug|Any CPU.ActiveCfg = Debug|Any CPU
		{D0F826C2-8B03-48D1-88C1-8BFF917C8EBC}.Debug|Any CPU.Build.0 = Debug|Any CPU
		{D0F826C2-8B03-48D1-88C1-8BFF917C8EBC}.Release|Any CPU.ActiveCfg = Release|Any CPU
		{D0F826C2-8B03-48D1-88C1-8BFF917C8EBC}.Release|Any CPU.Build.0 = Release|Any CPU
		{EA1C07D0-0379-4F8C-8F5F-D9F0E7DE0010}.Debug|Any CPU.ActiveCfg = Debug|Any CPU
		{EA1C07D0-0379-4F8C-8F5F-D9F0E7DE0010}.Debug|Any CPU.Build.0 = Debug|Any CPU
		{EA1C07D0-0379-4F8C-8F5F-D9F0E7DE0010}.Release|Any CPU.ActiveCfg = Release|Any CPU
		{EA1C07D0-0379-4F8C-8F5F-D9F0E7DE0010}.Release|Any CPU.Build.0 = Release|Any CPU
		{1A53CD67-4AA7-4D27-AF46-D6BC35E1EA23}.Debug|Any CPU.ActiveCfg = Debug|Any CPU
		{1A53CD67-4AA7-4D27-AF46-D6BC35E1EA23}.Debug|Any CPU.Build.0 = Debug|Any CPU
		{1A53CD67-4AA7-4D27-AF46-D6BC35E1EA23}.Release|Any CPU.ActiveCfg = Release|Any CPU
		{1A53CD67-4AA7-4D27-AF46-D6BC35E1EA23}.Release|Any CPU.Build.0 = Release|Any CPU
		{A75CABEB-197E-457A-AAC9-4C59D49DDF68}.Debug|Any CPU.ActiveCfg = Debug|Any CPU
		{A75CABEB-197E-457A-AAC9-4C59D49DDF68}.Debug|Any CPU.Build.0 = Debug|Any CPU
		{A75CABEB-197E-457A-AAC9-4C59D49DDF68}.Release|Any CPU.ActiveCfg = Release|Any CPU
		{A75CABEB-197E-457A-AAC9-4C59D49DDF68}.Release|Any CPU.Build.0 = Release|Any CPU
		{971CA2D0-FED0-43C5-9270-69B0C51A0F1C}.Debug|Any CPU.ActiveCfg = Debug|Any CPU
		{971CA2D0-FED0-43C5-9270-69B0C51A0F1C}.Debug|Any CPU.Build.0 = Debug|Any CPU
		{971CA2D0-FED0-43C5-9270-69B0C51A0F1C}.Release|Any CPU.ActiveCfg = Release|Any CPU
		{971CA2D0-FED0-43C5-9270-69B0C51A0F1C}.Release|Any CPU.Build.0 = Release|Any CPU
		{BCE0C6B8-8332-4709-BBCD-D9D87D1A0671}.Debug|Any CPU.ActiveCfg = Debug|Any CPU
		{BCE0C6B8-8332-4709-BBCD-D9D87D1A0671}.Debug|Any CPU.Build.0 = Debug|Any CPU
		{BCE0C6B8-8332-4709-BBCD-D9D87D1A0671}.Release|Any CPU.ActiveCfg = Release|Any CPU
		{BCE0C6B8-8332-4709-BBCD-D9D87D1A0671}.Release|Any CPU.Build.0 = Release|Any CPU
		{44BCC806-180F-42F7-A848-D3623356D318}.Debug|Any CPU.ActiveCfg = Debug|Any CPU
		{44BCC806-180F-42F7-A848-D3623356D318}.Debug|Any CPU.Build.0 = Debug|Any CPU
		{44BCC806-180F-42F7-A848-D3623356D318}.Release|Any CPU.ActiveCfg = Release|Any CPU
		{44BCC806-180F-42F7-A848-D3623356D318}.Release|Any CPU.Build.0 = Release|Any CPU
		{E4C3538A-26FA-406C-AFCC-FF98E38FD5AF}.Debug|Any CPU.ActiveCfg = Debug|Any CPU
		{E4C3538A-26FA-406C-AFCC-FF98E38FD5AF}.Debug|Any CPU.Build.0 = Debug|Any CPU
		{E4C3538A-26FA-406C-AFCC-FF98E38FD5AF}.Release|Any CPU.ActiveCfg = Release|Any CPU
		{E4C3538A-26FA-406C-AFCC-FF98E38FD5AF}.Release|Any CPU.Build.0 = Release|Any CPU
	EndGlobalSection
	GlobalSection(SolutionProperties) = preSolution
		HideSolutionNode = FALSE
	EndGlobalSection
	GlobalSection(NestedProjects) = preSolution
		{DAB422C7-5764-4B6E-9616-0FF972FFFD02} = {41761E68-E2ED-4BFE-BBE1-D294A3967EB4}
		{8BBB0D1E-AA77-4175-8144-D47EBF62ED37} = {41761E68-E2ED-4BFE-BBE1-D294A3967EB4}
		{533184E5-D3C8-4A24-8D0F-AC14FBA3D1B2} = {41761E68-E2ED-4BFE-BBE1-D294A3967EB4}
		{B062F015-8E5C-4CFC-8873-96A00D97F7B3} = {41761E68-E2ED-4BFE-BBE1-D294A3967EB4}
		{3A3A6CBA-E31C-4E63-A06A-E0FF5DFE1619} = {2BAA30B9-6118-4C33-BD6B-AC6A5827EC7E}
		{159234FF-EB9F-4AA5-8EBE-4EB71264D840} = {2BAA30B9-6118-4C33-BD6B-AC6A5827EC7E}
		{A49C9D44-5B32-4109-8EB5-CC07C12B00FD} = {2BAA30B9-6118-4C33-BD6B-AC6A5827EC7E}
		{0C480999-1907-4476-8181-B0F874F1F249} = {2BAA30B9-6118-4C33-BD6B-AC6A5827EC7E}
		{310E396D-33A4-4116-BC46-8CA6AF93A914} = {2BAA30B9-6118-4C33-BD6B-AC6A5827EC7E}
		{F431ECAC-56CF-44B6-99F9-95CFE17F07CD} = {2BAA30B9-6118-4C33-BD6B-AC6A5827EC7E}
		{C6A0F870-A7DD-4A51-87F2-50CAA3E07767} = {05242B0D-34D9-48EA-B34F-B8DB80028323}
		{82AEAB6A-472C-45E6-9B0E-6C78BBE73F58} = {05242B0D-34D9-48EA-B34F-B8DB80028323}
		{D2004EFD-0D06-4566-912F-20BFE59825B7} = {C6A0F870-A7DD-4A51-87F2-50CAA3E07767}
		{4C9C51E0-0EAE-4912-ACE2-C488981C8BBA} = {C6A0F870-A7DD-4A51-87F2-50CAA3E07767}
		{25B0E391-D73D-4E3D-947D-C2A71C989164} = {82AEAB6A-472C-45E6-9B0E-6C78BBE73F58}
		{9BCE34FB-E279-476C-ACAF-077E4C0DCCC4} = {82AEAB6A-472C-45E6-9B0E-6C78BBE73F58}
		{DABA0200-161B-46FB-934D-FAC2843DE25F} = {41761E68-E2ED-4BFE-BBE1-D294A3967EB4}
		{971CA2D0-FED0-43C5-9270-69B0C51A0F1C} = {2BAA30B9-6118-4C33-BD6B-AC6A5827EC7E}
		{BCE0C6B8-8332-4709-BBCD-D9D87D1A0671} = {2BAA30B9-6118-4C33-BD6B-AC6A5827EC7E}
		{44BCC806-180F-42F7-A848-D3623356D318} = {41761E68-E2ED-4BFE-BBE1-D294A3967EB4}
	EndGlobalSection
	GlobalSection(ExtensibilityGlobals) = postSolution
		SolutionGuid = {A73712E1-2BB7-4F7D-852F-ED8FE4ABA180}
	EndGlobalSection
EndGlobal
